// !$*UTF8*$!
{
	archiveVersion = 1;
	classes = {
	};
	objectVersion = 55;
	objects = {

/* Begin PBXBuildFile section */
		B2CCB2DB288EBBE7001A1EEE /* AppDelegate.swift in Sources */ = {isa = PBXBuildFile; fileRef = B2CCB2DA288EBBE7001A1EEE /* AppDelegate.swift */; };
		B2CCB2DD288EBBE7001A1EEE /* SceneDelegate.swift in Sources */ = {isa = PBXBuildFile; fileRef = B2CCB2DC288EBBE7001A1EEE /* SceneDelegate.swift */; };
		B2CCB2DF288EBBE7001A1EEE /* ViewController.swift in Sources */ = {isa = PBXBuildFile; fileRef = B2CCB2DE288EBBE7001A1EEE /* ViewController.swift */; };
		B2CCB2E2288EBBE7001A1EEE /* Main.storyboard in Resources */ = {isa = PBXBuildFile; fileRef = B2CCB2E0288EBBE7001A1EEE /* Main.storyboard */; };
		B2CCB2E4288EBBED001A1EEE /* Assets.xcassets in Resources */ = {isa = PBXBuildFile; fileRef = B2CCB2E3288EBBED001A1EEE /* Assets.xcassets */; };
		B2CCB2E7288EBBED001A1EEE /* LaunchScreen.storyboard in Resources */ = {isa = PBXBuildFile; fileRef = B2CCB2E5288EBBED001A1EEE /* LaunchScreen.storyboard */; };
		B2CCB2F2288EBBED001A1EEE /* LoginScreenTests.swift in Sources */ = {isa = PBXBuildFile; fileRef = B2CCB2F1288EBBED001A1EEE /* LoginScreenTests.swift */; };
		B2CCB2FC288EBBED001A1EEE /* LoginScreenUITests.swift in Sources */ = {isa = PBXBuildFile; fileRef = B2CCB2FB288EBBED001A1EEE /* LoginScreenUITests.swift */; };
		B2CCB2FE288EBBED001A1EEE /* LoginScreenUITestsLaunchTests.swift in Sources */ = {isa = PBXBuildFile; fileRef = B2CCB2FD288EBBED001A1EEE /* LoginScreenUITestsLaunchTests.swift */; };
/* End PBXBuildFile section */

/* Begin PBXContainerItemProxy section */
		B2CCB2EE288EBBED001A1EEE /* PBXContainerItemProxy */ = {
			isa = PBXContainerItemProxy;
			containerPortal = B2CCB2CF288EBBE7001A1EEE /* Project object */;
			proxyType = 1;
			remoteGlobalIDString = B2CCB2D6288EBBE7001A1EEE;
			remoteInfo = LoginScreen;
		};
		B2CCB2F8288EBBED001A1EEE /* PBXContainerItemProxy */ = {
			isa = PBXContainerItemProxy;
			containerPortal = B2CCB2CF288EBBE7001A1EEE /* Project object */;
			proxyType = 1;
			remoteGlobalIDString = B2CCB2D6288EBBE7001A1EEE;
			remoteInfo = LoginScreen;
		};
/* End PBXContainerItemProxy section */

/* Begin PBXFileReference section */
		B2CCB2D7288EBBE7001A1EEE /* LoginScreen.app */ = {isa = PBXFileReference; explicitFileType = wrapper.application; includeInIndex = 0; path = LoginScreen.app; sourceTree = BUILT_PRODUCTS_DIR; };
		B2CCB2DA288EBBE7001A1EEE /* AppDelegate.swift */ = {isa = PBXFileReference; lastKnownFileType = sourcecode.swift; path = AppDelegate.swift; sourceTree = "<group>"; };
		B2CCB2DC288EBBE7001A1EEE /* SceneDelegate.swift */ = {isa = PBXFileReference; lastKnownFileType = sourcecode.swift; path = SceneDelegate.swift; sourceTree = "<group>"; };
		B2CCB2DE288EBBE7001A1EEE /* ViewController.swift */ = {isa = PBXFileReference; lastKnownFileType = sourcecode.swift; path = ViewController.swift; sourceTree = "<group>"; };
		B2CCB2E1288EBBE7001A1EEE /* Base */ = {isa = PBXFileReference; lastKnownFileType = file.storyboard; name = Base; path = Base.lproj/Main.storyboard; sourceTree = "<group>"; };
		B2CCB2E3288EBBED001A1EEE /* Assets.xcassets */ = {isa = PBXFileReference; lastKnownFileType = folder.assetcatalog; path = Assets.xcassets; sourceTree = "<group>"; };
		B2CCB2E6288EBBED001A1EEE /* Base */ = {isa = PBXFileReference; lastKnownFileType = file.storyboard; name = Base; path = Base.lproj/LaunchScreen.storyboard; sourceTree = "<group>"; };
		B2CCB2E8288EBBED001A1EEE /* Info.plist */ = {isa = PBXFileReference; lastKnownFileType = text.plist.xml; path = Info.plist; sourceTree = "<group>"; };
		B2CCB2ED288EBBED001A1EEE /* LoginScreenTests.xctest */ = {isa = PBXFileReference; explicitFileType = wrapper.cfbundle; includeInIndex = 0; path = LoginScreenTests.xctest; sourceTree = BUILT_PRODUCTS_DIR; };
		B2CCB2F1288EBBED001A1EEE /* LoginScreenTests.swift */ = {isa = PBXFileReference; lastKnownFileType = sourcecode.swift; path = LoginScreenTests.swift; sourceTree = "<group>"; };
		B2CCB2F7288EBBED001A1EEE /* LoginScreenUITests.xctest */ = {isa = PBXFileReference; explicitFileType = wrapper.cfbundle; includeInIndex = 0; path = LoginScreenUITests.xctest; sourceTree = BUILT_PRODUCTS_DIR; };
		B2CCB2FB288EBBED001A1EEE /* LoginScreenUITests.swift */ = {isa = PBXFileReference; lastKnownFileType = sourcecode.swift; path = LoginScreenUITests.swift; sourceTree = "<group>"; };
		B2CCB2FD288EBBED001A1EEE /* LoginScreenUITestsLaunchTests.swift */ = {isa = PBXFileReference; lastKnownFileType = sourcecode.swift; path = LoginScreenUITestsLaunchTests.swift; sourceTree = "<group>"; };
/* End PBXFileReference section */

/* Begin PBXFrameworksBuildPhase section */
		B2CCB2D4288EBBE7001A1EEE /* Frameworks */ = {
			isa = PBXFrameworksBuildPhase;
			buildActionMask = 2147483647;
			files = (
			);
			runOnlyForDeploymentPostprocessing = 0;
		};
		B2CCB2EA288EBBED001A1EEE /* Frameworks */ = {
			isa = PBXFrameworksBuildPhase;
			buildActionMask = 2147483647;
			files = (
			);
			runOnlyForDeploymentPostprocessing = 0;
		};
		B2CCB2F4288EBBED001A1EEE /* Frameworks */ = {
			isa = PBXFrameworksBuildPhase;
			buildActionMask = 2147483647;
			files = (
			);
			runOnlyForDeploymentPostprocessing = 0;
		};
/* End PBXFrameworksBuildPhase section */

/* Begin PBXGroup section */
		B2CCB2CE288EBBE7001A1EEE = {
			isa = PBXGroup;
			children = (
				B2CCB2D9288EBBE7001A1EEE /* LoginScreen */,
				B2CCB2F0288EBBED001A1EEE /* LoginScreenTests */,
				B2CCB2FA288EBBED001A1EEE /* LoginScreenUITests */,
				B2CCB2D8288EBBE7001A1EEE /* Products */,
			);
			sourceTree = "<group>";
		};
		B2CCB2D8288EBBE7001A1EEE /* Products */ = {
			isa = PBXGroup;
			children = (
				B2CCB2D7288EBBE7001A1EEE /* LoginScreen.app */,
				B2CCB2ED288EBBED001A1EEE /* LoginScreenTests.xctest */,
				B2CCB2F7288EBBED001A1EEE /* LoginScreenUITests.xctest */,
			);
			name = Products;
			sourceTree = "<group>";
		};
		B2CCB2D9288EBBE7001A1EEE /* LoginScreen */ = {
			isa = PBXGroup;
			children = (
				B2CCB2DA288EBBE7001A1EEE /* AppDelegate.swift */,
				B2CCB2DC288EBBE7001A1EEE /* SceneDelegate.swift */,
				B2CCB2DE288EBBE7001A1EEE /* ViewController.swift */,
				B2CCB2E0288EBBE7001A1EEE /* Main.storyboard */,
				B2CCB2E3288EBBED001A1EEE /* Assets.xcassets */,
				B2CCB2E5288EBBED001A1EEE /* LaunchScreen.storyboard */,
				B2CCB2E8288EBBED001A1EEE /* Info.plist */,
			);
			path = LoginScreen;
			sourceTree = "<group>";
		};
		B2CCB2F0288EBBED001A1EEE /* LoginScreenTests */ = {
			isa = PBXGroup;
			children = (
				B2CCB2F1288EBBED001A1EEE /* LoginScreenTests.swift */,
			);
			path = LoginScreenTests;
			sourceTree = "<group>";
		};
		B2CCB2FA288EBBED001A1EEE /* LoginScreenUITests */ = {
			isa = PBXGroup;
			children = (
				B2CCB2FB288EBBED001A1EEE /* LoginScreenUITests.swift */,
				B2CCB2FD288EBBED001A1EEE /* LoginScreenUITestsLaunchTests.swift */,
			);
			path = LoginScreenUITests;
			sourceTree = "<group>";
		};
/* End PBXGroup section */

/* Begin PBXNativeTarget section */
		B2CCB2D6288EBBE7001A1EEE /* LoginScreen */ = {
			isa = PBXNativeTarget;
			buildConfigurationList = B2CCB301288EBBED001A1EEE /* Build configuration list for PBXNativeTarget "LoginScreen" */;
			buildPhases = (
				B2CCB2D3288EBBE7001A1EEE /* Sources */,
				B2CCB2D4288EBBE7001A1EEE /* Frameworks */,
				B2CCB2D5288EBBE7001A1EEE /* Resources */,
			);
			buildRules = (
			);
			dependencies = (
			);
			name = LoginScreen;
			productName = LoginScreen;
			productReference = B2CCB2D7288EBBE7001A1EEE /* LoginScreen.app */;
			productType = "com.apple.product-type.application";
		};
		B2CCB2EC288EBBED001A1EEE /* LoginScreenTests */ = {
			isa = PBXNativeTarget;
			buildConfigurationList = B2CCB304288EBBED001A1EEE /* Build configuration list for PBXNativeTarget "LoginScreenTests" */;
			buildPhases = (
				B2CCB2E9288EBBED001A1EEE /* Sources */,
				B2CCB2EA288EBBED001A1EEE /* Frameworks */,
				B2CCB2EB288EBBED001A1EEE /* Resources */,
			);
			buildRules = (
			);
			dependencies = (
				B2CCB2EF288EBBED001A1EEE /* PBXTargetDependency */,
			);
			name = LoginScreenTests;
			productName = LoginScreenTests;
			productReference = B2CCB2ED288EBBED001A1EEE /* LoginScreenTests.xctest */;
			productType = "com.apple.product-type.bundle.unit-test";
		};
		B2CCB2F6288EBBED001A1EEE /* LoginScreenUITests */ = {
			isa = PBXNativeTarget;
			buildConfigurationList = B2CCB307288EBBED001A1EEE /* Build configuration list for PBXNativeTarget "LoginScreenUITests" */;
			buildPhases = (
				B2CCB2F3288EBBED001A1EEE /* Sources */,
				B2CCB2F4288EBBED001A1EEE /* Frameworks */,
				B2CCB2F5288EBBED001A1EEE /* Resources */,
			);
			buildRules = (
			);
			dependencies = (
				B2CCB2F9288EBBED001A1EEE /* PBXTargetDependency */,
			);
			name = LoginScreenUITests;
			productName = LoginScreenUITests;
			productReference = B2CCB2F7288EBBED001A1EEE /* LoginScreenUITests.xctest */;
			productType = "com.apple.product-type.bundle.ui-testing";
		};
/* End PBXNativeTarget section */

/* Begin PBXProject section */
		B2CCB2CF288EBBE7001A1EEE /* Project object */ = {
			isa = PBXProject;
			attributes = {
				BuildIndependentTargetsInParallel = 1;
				LastSwiftUpdateCheck = 1330;
				LastUpgradeCheck = 1330;
				TargetAttributes = {
					B2CCB2D6288EBBE7001A1EEE = {
						CreatedOnToolsVersion = 13.3.1;
					};
					B2CCB2EC288EBBED001A1EEE = {
						CreatedOnToolsVersion = 13.3.1;
						TestTargetID = B2CCB2D6288EBBE7001A1EEE;
					};
					B2CCB2F6288EBBED001A1EEE = {
						CreatedOnToolsVersion = 13.3.1;
						TestTargetID = B2CCB2D6288EBBE7001A1EEE;
					};
				};
			};
			buildConfigurationList = B2CCB2D2288EBBE7001A1EEE /* Build configuration list for PBXProject "LoginScreen" */;
			compatibilityVersion = "Xcode 13.0";
			developmentRegion = en;
			hasScannedForEncodings = 0;
			knownRegions = (
				en,
				Base,
			);
			mainGroup = B2CCB2CE288EBBE7001A1EEE;
			productRefGroup = B2CCB2D8288EBBE7001A1EEE /* Products */;
			projectDirPath = "";
			projectRoot = "";
			targets = (
				B2CCB2D6288EBBE7001A1EEE /* LoginScreen */,
				B2CCB2EC288EBBED001A1EEE /* LoginScreenTests */,
				B2CCB2F6288EBBED001A1EEE /* LoginScreenUITests */,
			);
		};
/* End PBXProject section */

/* Begin PBXResourcesBuildPhase section */
		B2CCB2D5288EBBE7001A1EEE /* Resources */ = {
			isa = PBXResourcesBuildPhase;
			buildActionMask = 2147483647;
			files = (
				B2CCB2E7288EBBED001A1EEE /* LaunchScreen.storyboard in Resources */,
				B2CCB2E4288EBBED001A1EEE /* Assets.xcassets in Resources */,
				B2CCB2E2288EBBE7001A1EEE /* Main.storyboard in Resources */,
			);
			runOnlyForDeploymentPostprocessing = 0;
		};
		B2CCB2EB288EBBED001A1EEE /* Resources */ = {
			isa = PBXResourcesBuildPhase;
			buildActionMask = 2147483647;
			files = (
			);
			runOnlyForDeploymentPostprocessing = 0;
		};
		B2CCB2F5288EBBED001A1EEE /* Resources */ = {
			isa = PBXResourcesBuildPhase;
			buildActionMask = 2147483647;
			files = (
			);
			runOnlyForDeploymentPostprocessing = 0;
		};
/* End PBXResourcesBuildPhase section */

/* Begin PBXSourcesBuildPhase section */
		B2CCB2D3288EBBE7001A1EEE /* Sources */ = {
			isa = PBXSourcesBuildPhase;
			buildActionMask = 2147483647;
			files = (
				B2CCB2DF288EBBE7001A1EEE /* ViewController.swift in Sources */,
				B2CCB2DB288EBBE7001A1EEE /* AppDelegate.swift in Sources */,
				B2CCB2DD288EBBE7001A1EEE /* SceneDelegate.swift in Sources */,
			);
			runOnlyForDeploymentPostprocessing = 0;
		};
		B2CCB2E9288EBBED001A1EEE /* Sources */ = {
			isa = PBXSourcesBuildPhase;
			buildActionMask = 2147483647;
			files = (
				B2CCB2F2288EBBED001A1EEE /* LoginScreenTests.swift in Sources */,
			);
			runOnlyForDeploymentPostprocessing = 0;
		};
		B2CCB2F3288EBBED001A1EEE /* Sources */ = {
			isa = PBXSourcesBuildPhase;
			buildActionMask = 2147483647;
			files = (
				B2CCB2FE288EBBED001A1EEE /* LoginScreenUITestsLaunchTests.swift in Sources */,
				B2CCB2FC288EBBED001A1EEE /* LoginScreenUITests.swift in Sources */,
			);
			runOnlyForDeploymentPostprocessing = 0;
		};
/* End PBXSourcesBuildPhase section */

/* Begin PBXTargetDependency section */
		B2CCB2EF288EBBED001A1EEE /* PBXTargetDependency */ = {
			isa = PBXTargetDependency;
			target = B2CCB2D6288EBBE7001A1EEE /* LoginScreen */;
			targetProxy = B2CCB2EE288EBBED001A1EEE /* PBXContainerItemProxy */;
		};
		B2CCB2F9288EBBED001A1EEE /* PBXTargetDependency */ = {
			isa = PBXTargetDependency;
			target = B2CCB2D6288EBBE7001A1EEE /* LoginScreen */;
			targetProxy = B2CCB2F8288EBBED001A1EEE /* PBXContainerItemProxy */;
		};
/* End PBXTargetDependency section */

/* Begin PBXVariantGroup section */
		B2CCB2E0288EBBE7001A1EEE /* Main.storyboard */ = {
			isa = PBXVariantGroup;
			children = (
				B2CCB2E1288EBBE7001A1EEE /* Base */,
			);
			name = Main.storyboard;
			sourceTree = "<group>";
		};
		B2CCB2E5288EBBED001A1EEE /* LaunchScreen.storyboard */ = {
			isa = PBXVariantGroup;
			children = (
				B2CCB2E6288EBBED001A1EEE /* Base */,
			);
			name = LaunchScreen.storyboard;
			sourceTree = "<group>";
		};
/* End PBXVariantGroup section */

/* Begin XCBuildConfiguration section */
		B2CCB2FF288EBBED001A1EEE /* Debug */ = {
			isa = XCBuildConfiguration;
			buildSettings = {
				ALWAYS_SEARCH_USER_PATHS = NO;
				CLANG_ANALYZER_NONNULL = YES;
				CLANG_ANALYZER_NUMBER_OBJECT_CONVERSION = YES_AGGRESSIVE;
				CLANG_CXX_LANGUAGE_STANDARD = "gnu++17";
				CLANG_ENABLE_MODULES = YES;
				CLANG_ENABLE_OBJC_ARC = YES;
				CLANG_ENABLE_OBJC_WEAK = YES;
				CLANG_WARN_BLOCK_CAPTURE_AUTORELEASING = YES;
				CLANG_WARN_BOOL_CONVERSION = YES;
				CLANG_WARN_COMMA = YES;
				CLANG_WARN_CONSTANT_CONVERSION = YES;
				CLANG_WARN_DEPRECATED_OBJC_IMPLEMENTATIONS = YES;
				CLANG_WARN_DIRECT_OBJC_ISA_USAGE = YES_ERROR;
				CLANG_WARN_DOCUMENTATION_COMMENTS = YES;
				CLANG_WARN_EMPTY_BODY = YES;
				CLANG_WARN_ENUM_CONVERSION = YES;
				CLANG_WARN_INFINITE_RECURSION = YES;
				CLANG_WARN_INT_CONVERSION = YES;
				CLANG_WARN_NON_LITERAL_NULL_CONVERSION = YES;
				CLANG_WARN_OBJC_IMPLICIT_RETAIN_SELF = YES;
				CLANG_WARN_OBJC_LITERAL_CONVERSION = YES;
				CLANG_WARN_OBJC_ROOT_CLASS = YES_ERROR;
				CLANG_WARN_QUOTED_INCLUDE_IN_FRAMEWORK_HEADER = YES;
				CLANG_WARN_RANGE_LOOP_ANALYSIS = YES;
				CLANG_WARN_STRICT_PROTOTYPES = YES;
				CLANG_WARN_SUSPICIOUS_MOVE = YES;
				CLANG_WARN_UNGUARDED_AVAILABILITY = YES_AGGRESSIVE;
				CLANG_WARN_UNREACHABLE_CODE = YES;
				CLANG_WARN__DUPLICATE_METHOD_MATCH = YES;
				COPY_PHASE_STRIP = NO;
				DEBUG_INFORMATION_FORMAT = dwarf;
				ENABLE_STRICT_OBJC_MSGSEND = YES;
				ENABLE_TESTABILITY = YES;
				GCC_C_LANGUAGE_STANDARD = gnu11;
				GCC_DYNAMIC_NO_PIC = NO;
				GCC_NO_COMMON_BLOCKS = YES;
				GCC_OPTIMIZATION_LEVEL = 0;
				GCC_PREPROCESSOR_DEFINITIONS = (
					"DEBUG=1",
					"$(inherited)",
				);
				GCC_WARN_64_TO_32_BIT_CONVERSION = YES;
				GCC_WARN_ABOUT_RETURN_TYPE = YES_ERROR;
				GCC_WARN_UNDECLARED_SELECTOR = YES;
				GCC_WARN_UNINITIALIZED_AUTOS = YES_AGGRESSIVE;
				GCC_WARN_UNUSED_FUNCTION = YES;
				GCC_WARN_UNUSED_VARIABLE = YES;
				IPHONEOS_DEPLOYMENT_TARGET = 15.4;
				MTL_ENABLE_DEBUG_INFO = INCLUDE_SOURCE;
				MTL_FAST_MATH = YES;
				ONLY_ACTIVE_ARCH = YES;
				SDKROOT = iphoneos;
				SWIFT_ACTIVE_COMPILATION_CONDITIONS = DEBUG;
				SWIFT_OPTIMIZATION_LEVEL = "-Onone";
			};
			name = Debug;
		};
		B2CCB300288EBBED001A1EEE /* Release */ = {
			isa = XCBuildConfiguration;
			buildSettings = {
				ALWAYS_SEARCH_USER_PATHS = NO;
				CLANG_ANALYZER_NONNULL = YES;
				CLANG_ANALYZER_NUMBER_OBJECT_CONVERSION = YES_AGGRESSIVE;
				CLANG_CXX_LANGUAGE_STANDARD = "gnu++17";
				CLANG_ENABLE_MODULES = YES;
				CLANG_ENABLE_OBJC_ARC = YES;
				CLANG_ENABLE_OBJC_WEAK = YES;
				CLANG_WARN_BLOCK_CAPTURE_AUTORELEASING = YES;
				CLANG_WARN_BOOL_CONVERSION = YES;
				CLANG_WARN_COMMA = YES;
				CLANG_WARN_CONSTANT_CONVERSION = YES;
				CLANG_WARN_DEPRECATED_OBJC_IMPLEMENTATIONS = YES;
				CLANG_WARN_DIRECT_OBJC_ISA_USAGE = YES_ERROR;
				CLANG_WARN_DOCUMENTATION_COMMENTS = YES;
				CLANG_WARN_EMPTY_BODY = YES;
				CLANG_WARN_ENUM_CONVERSION = YES;
				CLANG_WARN_INFINITE_RECURSION = YES;
				CLANG_WARN_INT_CONVERSION = YES;
				CLANG_WARN_NON_LITERAL_NULL_CONVERSION = YES;
				CLANG_WARN_OBJC_IMPLICIT_RETAIN_SELF = YES;
				CLANG_WARN_OBJC_LITERAL_CONVERSION = YES;
				CLANG_WARN_OBJC_ROOT_CLASS = YES_ERROR;
				CLANG_WARN_QUOTED_INCLUDE_IN_FRAMEWORK_HEADER = YES;
				CLANG_WARN_RANGE_LOOP_ANALYSIS = YES;
				CLANG_WARN_STRICT_PROTOTYPES = YES;
				CLANG_WARN_SUSPICIOUS_MOVE = YES;
				CLANG_WARN_UNGUARDED_AVAILABILITY = YES_AGGRESSIVE;
				CLANG_WARN_UNREACHABLE_CODE = YES;
				CLANG_WARN__DUPLICATE_METHOD_MATCH = YES;
				COPY_PHASE_STRIP = NO;
				DEBUG_INFORMATION_FORMAT = "dwarf-with-dsym";
				ENABLE_NS_ASSERTIONS = NO;
				ENABLE_STRICT_OBJC_MSGSEND = YES;
				GCC_C_LANGUAGE_STANDARD = gnu11;
				GCC_NO_COMMON_BLOCKS = YES;
				GCC_WARN_64_TO_32_BIT_CONVERSION = YES;
				GCC_WARN_ABOUT_RETURN_TYPE = YES_ERROR;
				GCC_WARN_UNDECLARED_SELECTOR = YES;
				GCC_WARN_UNINITIALIZED_AUTOS = YES_AGGRESSIVE;
				GCC_WARN_UNUSED_FUNCTION = YES;
				GCC_WARN_UNUSED_VARIABLE = YES;
				IPHONEOS_DEPLOYMENT_TARGET = 15.4;
				MTL_ENABLE_DEBUG_INFO = NO;
				MTL_FAST_MATH = YES;
				SDKROOT = iphoneos;
				SWIFT_COMPILATION_MODE = wholemodule;
				SWIFT_OPTIMIZATION_LEVEL = "-O";
				VALIDATE_PRODUCT = YES;
			};
			name = Release;
		};
		B2CCB302288EBBED001A1EEE /* Debug */ = {
			isa = XCBuildConfiguration;
			buildSettings = {
				ASSETCATALOG_COMPILER_APPICON_NAME = AppIcon;
				ASSETCATALOG_COMPILER_GLOBAL_ACCENT_COLOR_NAME = AccentColor;
				CODE_SIGN_STYLE = Automatic;
				CURRENT_PROJECT_VERSION = 1;
				GENERATE_INFOPLIST_FILE = YES;
				INFOPLIST_FILE = LoginScreen/Info.plist;
				INFOPLIST_KEY_UIApplicationSupportsIndirectInputEvents = YES;
				INFOPLIST_KEY_UILaunchStoryboardName = LaunchScreen;
				INFOPLIST_KEY_UIMainStoryboardFile = Main;
				INFOPLIST_KEY_UISupportedInterfaceOrientations_iPad = "UIInterfaceOrientationPortrait UIInterfaceOrientationPortraitUpsideDown UIInterfaceOrientationLandscapeLeft UIInterfaceOrientationLandscapeRight";
				INFOPLIST_KEY_UISupportedInterfaceOrientations_iPhone = "UIInterfaceOrientationPortrait UIInterfaceOrientationLandscapeLeft UIInterfaceOrientationLandscapeRight";
				LD_RUNPATH_SEARCH_PATHS = (
					"$(inherited)",
					"@executable_path/Frameworks",
				);
				MARKETING_VERSION = 1.0;
				PRODUCT_BUNDLE_IDENTIFIER = invozone.LoginScreen;
				PRODUCT_NAME = "$(TARGET_NAME)";
				SWIFT_EMIT_LOC_STRINGS = YES;
				SWIFT_VERSION = 5.0;
				TARGETED_DEVICE_FAMILY = "1,2";
			};
			name = Debug;
		};
		B2CCB303288EBBED001A1EEE /* Release */ = {
			isa = XCBuildConfiguration;
			buildSettings = {
				ASSETCATALOG_COMPILER_APPICON_NAME = AppIcon;
				ASSETCATALOG_COMPILER_GLOBAL_ACCENT_COLOR_NAME = AccentColor;
				CODE_SIGN_STYLE = Automatic;
				CURRENT_PROJECT_VERSION = 1;
				GENERATE_INFOPLIST_FILE = YES;
				INFOPLIST_FILE = LoginScreen/Info.plist;
				INFOPLIST_KEY_UIApplicationSupportsIndirectInputEvents = YES;
				INFOPLIST_KEY_UILaunchStoryboardName = LaunchScreen;
				INFOPLIST_KEY_UIMainStoryboardFile = Main;
				INFOPLIST_KEY_UISupportedInterfaceOrientations_iPad = "UIInterfaceOrientationPortrait UIInterfaceOrientationPortraitUpsideDown UIInterfaceOrientationLandscapeLeft UIInterfaceOrientationLandscapeRight";
				INFOPLIST_KEY_UISupportedInterfaceOrientations_iPhone = "UIInterfaceOrientationPortrait UIInterfaceOrientationLandscapeLeft UIInterfaceOrientationLandscapeRight";
				LD_RUNPATH_SEARCH_PATHS = (
					"$(inherited)",
					"@executable_path/Frameworks",
				);
				MARKETING_VERSION = 1.0;
				PRODUCT_BUNDLE_IDENTIFIER = invozone.LoginScreen;
				PRODUCT_NAME = "$(TARGET_NAME)";
				SWIFT_EMIT_LOC_STRINGS = YES;
				SWIFT_VERSION = 5.0;
				TARGETED_DEVICE_FAMILY = "1,2";
			};
			name = Release;
		};
		B2CCB305288EBBED001A1EEE /* Debug */ = {
			isa = XCBuildConfiguration;
			buildSettings = {
				ALWAYS_EMBED_SWIFT_STANDARD_LIBRARIES = YES;
				BUNDLE_LOADER = "$(TEST_HOST)";
				CODE_SIGN_STYLE = Automatic;
				CURRENT_PROJECT_VERSION = 1;
				GENERATE_INFOPLIST_FILE = YES;
				IPHONEOS_DEPLOYMENT_TARGET = 15.4;
				MARKETING_VERSION = 1.0;
				PRODUCT_BUNDLE_IDENTIFIER = invozone.LoginScreenTests;
				PRODUCT_NAME = "$(TARGET_NAME)";
				SWIFT_EMIT_LOC_STRINGS = NO;
				SWIFT_VERSION = 5.0;
				TARGETED_DEVICE_FAMILY = "1,2";
				TEST_HOST = "$(BUILT_PRODUCTS_DIR)/LoginScreen.app/LoginScreen";
			};
			name = Debug;
		};
		B2CCB306288EBBED001A1EEE /* Release */ = {
			isa = XCBuildConfiguration;
			buildSettings = {
				ALWAYS_EMBED_SWIFT_STANDARD_LIBRARIES = YES;
				BUNDLE_LOADER = "$(TEST_HOST)";
				CODE_SIGN_STYLE = Automatic;
				CURRENT_PROJECT_VERSION = 1;
				GENERATE_INFOPLIST_FILE = YES;
				IPHONEOS_DEPLOYMENT_TARGET = 15.4;
				MARKETING_VERSION = 1.0;
				PRODUCT_BUNDLE_IDENTIFIER = invozone.LoginScreenTests;
				PRODUCT_NAME = "$(TARGET_NAME)";
				SWIFT_EMIT_LOC_STRINGS = NO;
				SWIFT_VERSION = 5.0;
				TARGETED_DEVICE_FAMILY = "1,2";
				TEST_HOST = "$(BUILT_PRODUCTS_DIR)/LoginScreen.app/LoginScreen";
			};
			name = Release;
		};
		B2CCB308288EBBED001A1EEE /* Debug */ = {
			isa = XCBuildConfiguration;
			buildSettings = {
				ALWAYS_EMBED_SWIFT_STANDARD_LIBRARIES = YES;
				CODE_SIGN_STYLE = Automatic;
				CURRENT_PROJECT_VERSION = 1;
				GENERATE_INFOPLIST_FILE = YES;
				MARKETING_VERSION = 1.0;
				PRODUCT_BUNDLE_IDENTIFIER = invozone.LoginScreenUITests;
				PRODUCT_NAME = "$(TARGET_NAME)";
				SWIFT_EMIT_LOC_STRINGS = NO;
				SWIFT_VERSION = 5.0;
				TARGETED_DEVICE_FAMILY = "1,2";
				TEST_TARGET_NAME = LoginScreen;
			};
			name = Debug;
		};
		B2CCB309288EBBED001A1EEE /* Release */ = {
			isa = XCBuildConfiguration;
			buildSettings = {
				ALWAYS_EMBED_SWIFT_STANDARD_LIBRARIES = YES;
				CODE_SIGN_STYLE = Automatic;
				CURRENT_PROJECT_VERSION = 1;
				GENERATE_INFOPLIST_FILE = YES;
				MARKETING_VERSION = 1.0;
				PRODUCT_BUNDLE_IDENTIFIER = invozone.LoginScreenUITests;
				PRODUCT_NAME = "$(TARGET_NAME)";
				SWIFT_EMIT_LOC_STRINGS = NO;
				SWIFT_VERSION = 5.0;
				TARGETED_DEVICE_FAMILY = "1,2";
				TEST_TARGET_NAME = LoginScreen;
			};
			name = Release;
		};
/* End XCBuildConfiguration section */

/* Begin XCConfigurationList section */
		B2CCB2D2288EBBE7001A1EEE /* Build configuration list for PBXProject "LoginScreen" */ = {
			isa = XCConfigurationList;
			buildConfigurations = (
				B2CCB2FF288EBBED001A1EEE /* Debug */,
				B2CCB300288EBBED001A1EEE /* Release */,
			);
			defaultConfigurationIsVisible = 0;
			defaultConfigurationName = Release;
		};
		B2CCB301288EBBED001A1EEE /* Build configuration list for PBXNativeTarget "LoginScreen" */ = {
			isa = XCConfigurationList;
			buildConfigurations = (
				B2CCB302288EBBED001A1EEE /* Debug */,
				B2CCB303288EBBED001A1EEE /* Release */,
			);
			defaultConfigurationIsVisible = 0;
			defaultConfigurationName = Release;
		};
		B2CCB304288EBBED001A1EEE /* Build configuration list for PBXNativeTarget "LoginScreenTests" */ = {
			isa = XCConfigurationList;
			buildConfigurations = (
				B2CCB305288EBBED001A1EEE /* Debug */,
				B2CCB306288EBBED001A1EEE /* Release */,
			);
			defaultConfigurationIsVisible = 0;
			defaultConfigurationName = Release;
		};
		B2CCB307288EBBED001A1EEE /* Build configuration list for PBXNativeTarget "LoginScreenUITests" */ = {
			isa = XCConfigurationList;
			buildConfigurations = (
				B2CCB308288EBBED001A1EEE /* Debug */,
				B2CCB309288EBBED001A1EEE /* Release */,
			);
			defaultConfigurationIsVisible = 0;
			defaultConfigurationName = Release;
		};
/* End XCConfigurationList section */
	};
	rootObject = B2CCB2CF288EBBE7001A1EEE /* Project object */;
}
