// !$*UTF8*$!
{
	archiveVersion = 1;
	classes = {
	};
	objectVersion = 55;
	objects = {

/* Begin PBXBuildFile section */
		B2EEEFFA288962F300BFBA7F /* AppDelegate.swift in Sources */ = {isa = PBXBuildFile; fileRef = B2EEEFF9288962F300BFBA7F /* AppDelegate.swift */; };
		B2EEEFFC288962F300BFBA7F /* SceneDelegate.swift in Sources */ = {isa = PBXBuildFile; fileRef = B2EEEFFB288962F300BFBA7F /* SceneDelegate.swift */; };
		B2EEEFFE288962F300BFBA7F /* ViewController.swift in Sources */ = {isa = PBXBuildFile; fileRef = B2EEEFFD288962F300BFBA7F /* ViewController.swift */; };
		B2EEF001288962F300BFBA7F /* Main.storyboard in Resources */ = {isa = PBXBuildFile; fileRef = B2EEEFFF288962F300BFBA7F /* Main.storyboard */; };
		B2EEF003288962F500BFBA7F /* Assets.xcassets in Resources */ = {isa = PBXBuildFile; fileRef = B2EEF002288962F500BFBA7F /* Assets.xcassets */; };
		B2EEF006288962F500BFBA7F /* LaunchScreen.storyboard in Resources */ = {isa = PBXBuildFile; fileRef = B2EEF004288962F500BFBA7F /* LaunchScreen.storyboard */; };
		B2EEF011288962F600BFBA7F /* ViewControlerFromStoryBoardTests.swift in Sources */ = {isa = PBXBuildFile; fileRef = B2EEF010288962F600BFBA7F /* ViewControlerFromStoryBoardTests.swift */; };
		B2EEF01B288962F600BFBA7F /* ViewControlerFromStoryBoardUITests.swift in Sources */ = {isa = PBXBuildFile; fileRef = B2EEF01A288962F600BFBA7F /* ViewControlerFromStoryBoardUITests.swift */; };
		B2EEF01D288962F600BFBA7F /* ViewControlerFromStoryBoardUITestsLaunchTests.swift in Sources */ = {isa = PBXBuildFile; fileRef = B2EEF01C288962F600BFBA7F /* ViewControlerFromStoryBoardUITestsLaunchTests.swift */; };
		B2EEF02A288963DB00BFBA7F /* SecondViewController.swift in Sources */ = {isa = PBXBuildFile; fileRef = B2EEF029288963DB00BFBA7F /* SecondViewController.swift */; };
/* End PBXBuildFile section */

/* Begin PBXContainerItemProxy section */
		B2EEF00D288962F600BFBA7F /* PBXContainerItemProxy */ = {
			isa = PBXContainerItemProxy;
			containerPortal = B2EEEFEE288962F300BFBA7F /* Project object */;
			proxyType = 1;
			remoteGlobalIDString = B2EEEFF5288962F300BFBA7F;
			remoteInfo = ViewControlerFromStoryBoard;
		};
		B2EEF017288962F600BFBA7F /* PBXContainerItemProxy */ = {
			isa = PBXContainerItemProxy;
			containerPortal = B2EEEFEE288962F300BFBA7F /* Project object */;
			proxyType = 1;
			remoteGlobalIDString = B2EEEFF5288962F300BFBA7F;
			remoteInfo = ViewControlerFromStoryBoard;
		};
/* End PBXContainerItemProxy section */

/* Begin PBXFileReference section */
		B2EEEFF6288962F300BFBA7F /* ViewControlerFromStoryBoard.app */ = {isa = PBXFileReference; explicitFileType = wrapper.application; includeInIndex = 0; path = ViewControlerFromStoryBoard.app; sourceTree = BUILT_PRODUCTS_DIR; };
		B2EEEFF9288962F300BFBA7F /* AppDelegate.swift */ = {isa = PBXFileReference; lastKnownFileType = sourcecode.swift; path = AppDelegate.swift; sourceTree = "<group>"; };
		B2EEEFFB288962F300BFBA7F /* SceneDelegate.swift */ = {isa = PBXFileReference; lastKnownFileType = sourcecode.swift; path = SceneDelegate.swift; sourceTree = "<group>"; };
		B2EEEFFD288962F300BFBA7F /* ViewController.swift */ = {isa = PBXFileReference; lastKnownFileType = sourcecode.swift; path = ViewController.swift; sourceTree = "<group>"; };
		B2EEF000288962F300BFBA7F /* Base */ = {isa = PBXFileReference; lastKnownFileType = file.storyboard; name = Base; path = Base.lproj/Main.storyboard; sourceTree = "<group>"; };
		B2EEF002288962F500BFBA7F /* Assets.xcassets */ = {isa = PBXFileReference; lastKnownFileType = folder.assetcatalog; path = Assets.xcassets; sourceTree = "<group>"; };
		B2EEF005288962F500BFBA7F /* Base */ = {isa = PBXFileReference; lastKnownFileType = file.storyboard; name = Base; path = Base.lproj/LaunchScreen.storyboard; sourceTree = "<group>"; };
		B2EEF007288962F500BFBA7F /* Info.plist */ = {isa = PBXFileReference; lastKnownFileType = text.plist.xml; path = Info.plist; sourceTree = "<group>"; };
		B2EEF00C288962F600BFBA7F /* ViewControlerFromStoryBoardTests.xctest */ = {isa = PBXFileReference; explicitFileType = wrapper.cfbundle; includeInIndex = 0; path = ViewControlerFromStoryBoardTests.xctest; sourceTree = BUILT_PRODUCTS_DIR; };
		B2EEF010288962F600BFBA7F /* ViewControlerFromStoryBoardTests.swift */ = {isa = PBXFileReference; lastKnownFileType = sourcecode.swift; path = ViewControlerFromStoryBoardTests.swift; sourceTree = "<group>"; };
		B2EEF016288962F600BFBA7F /* ViewControlerFromStoryBoardUITests.xctest */ = {isa = PBXFileReference; explicitFileType = wrapper.cfbundle; includeInIndex = 0; path = ViewControlerFromStoryBoardUITests.xctest; sourceTree = BUILT_PRODUCTS_DIR; };
		B2EEF01A288962F600BFBA7F /* ViewControlerFromStoryBoardUITests.swift */ = {isa = PBXFileReference; lastKnownFileType = sourcecode.swift; path = ViewControlerFromStoryBoardUITests.swift; sourceTree = "<group>"; };
		B2EEF01C288962F600BFBA7F /* ViewControlerFromStoryBoardUITestsLaunchTests.swift */ = {isa = PBXFileReference; lastKnownFileType = sourcecode.swift; path = ViewControlerFromStoryBoardUITestsLaunchTests.swift; sourceTree = "<group>"; };
		B2EEF029288963DB00BFBA7F /* SecondViewController.swift */ = {isa = PBXFileReference; lastKnownFileType = sourcecode.swift; path = SecondViewController.swift; sourceTree = "<group>"; };
/* End PBXFileReference section */

/* Begin PBXFrameworksBuildPhase section */
		B2EEEFF3288962F300BFBA7F /* Frameworks */ = {
			isa = PBXFrameworksBuildPhase;
			buildActionMask = 2147483647;
			files = (
			);
			runOnlyForDeploymentPostprocessing = 0;
		};
		B2EEF009288962F600BFBA7F /* Frameworks */ = {
			isa = PBXFrameworksBuildPhase;
			buildActionMask = 2147483647;
			files = (
			);
			runOnlyForDeploymentPostprocessing = 0;
		};
		B2EEF013288962F600BFBA7F /* Frameworks */ = {
			isa = PBXFrameworksBuildPhase;
			buildActionMask = 2147483647;
			files = (
			);
			runOnlyForDeploymentPostprocessing = 0;
		};
/* End PBXFrameworksBuildPhase section */

/* Begin PBXGroup section */
		B2EEEFED288962F300BFBA7F = {
			isa = PBXGroup;
			children = (
				B2EEEFF8288962F300BFBA7F /* ViewControlerFromStoryBoard */,
				B2EEF00F288962F600BFBA7F /* ViewControlerFromStoryBoardTests */,
				B2EEF019288962F600BFBA7F /* ViewControlerFromStoryBoardUITests */,
				B2EEEFF7288962F300BFBA7F /* Products */,
			);
			sourceTree = "<group>";
		};
		B2EEEFF7288962F300BFBA7F /* Products */ = {
			isa = PBXGroup;
			children = (
				B2EEEFF6288962F300BFBA7F /* ViewControlerFromStoryBoard.app */,
				B2EEF00C288962F600BFBA7F /* ViewControlerFromStoryBoardTests.xctest */,
				B2EEF016288962F600BFBA7F /* ViewControlerFromStoryBoardUITests.xctest */,
			);
			name = Products;
			sourceTree = "<group>";
		};
		B2EEEFF8288962F300BFBA7F /* ViewControlerFromStoryBoard */ = {
			isa = PBXGroup;
			children = (
				B2EEEFF9288962F300BFBA7F /* AppDelegate.swift */,
				B2EEEFFB288962F300BFBA7F /* SceneDelegate.swift */,
				B2EEEFFD288962F300BFBA7F /* ViewController.swift */,
				B2EEF029288963DB00BFBA7F /* SecondViewController.swift */,
				B2EEEFFF288962F300BFBA7F /* Main.storyboard */,
				B2EEF002288962F500BFBA7F /* Assets.xcassets */,
				B2EEF004288962F500BFBA7F /* LaunchScreen.storyboard */,
				B2EEF007288962F500BFBA7F /* Info.plist */,
			);
			path = ViewControlerFromStoryBoard;
			sourceTree = "<group>";
		};
		B2EEF00F288962F600BFBA7F /* ViewControlerFromStoryBoardTests */ = {
			isa = PBXGroup;
			children = (
				B2EEF010288962F600BFBA7F /* ViewControlerFromStoryBoardTests.swift */,
			);
			path = ViewControlerFromStoryBoardTests;
			sourceTree = "<group>";
		};
		B2EEF019288962F600BFBA7F /* ViewControlerFromStoryBoardUITests */ = {
			isa = PBXGroup;
			children = (
				B2EEF01A288962F600BFBA7F /* ViewControlerFromStoryBoardUITests.swift */,
				B2EEF01C288962F600BFBA7F /* ViewControlerFromStoryBoardUITestsLaunchTests.swift */,
			);
			path = ViewControlerFromStoryBoardUITests;
			sourceTree = "<group>";
		};
/* End PBXGroup section */

/* Begin PBXNativeTarget section */
		B2EEEFF5288962F300BFBA7F /* ViewControlerFromStoryBoard */ = {
			isa = PBXNativeTarget;
			buildConfigurationList = B2EEF020288962F600BFBA7F /* Build configuration list for PBXNativeTarget "ViewControlerFromStoryBoard" */;
			buildPhases = (
				B2EEEFF2288962F300BFBA7F /* Sources */,
				B2EEEFF3288962F300BFBA7F /* Frameworks */,
				B2EEEFF4288962F300BFBA7F /* Resources */,
			);
			buildRules = (
			);
			dependencies = (
			);
			name = ViewControlerFromStoryBoard;
			productName = ViewControlerFromStoryBoard;
			productReference = B2EEEFF6288962F300BFBA7F /* ViewControlerFromStoryBoard.app */;
			productType = "com.apple.product-type.application";
		};
		B2EEF00B288962F600BFBA7F /* ViewControlerFromStoryBoardTests */ = {
			isa = PBXNativeTarget;
			buildConfigurationList = B2EEF023288962F600BFBA7F /* Build configuration list for PBXNativeTarget "ViewControlerFromStoryBoardTests" */;
			buildPhases = (
				B2EEF008288962F600BFBA7F /* Sources */,
				B2EEF009288962F600BFBA7F /* Frameworks */,
				B2EEF00A288962F600BFBA7F /* Resources */,
			);
			buildRules = (
			);
			dependencies = (
				B2EEF00E288962F600BFBA7F /* PBXTargetDependency */,
			);
			name = ViewControlerFromStoryBoardTests;
			productName = ViewControlerFromStoryBoardTests;
			productReference = B2EEF00C288962F600BFBA7F /* ViewControlerFromStoryBoardTests.xctest */;
			productType = "com.apple.product-type.bundle.unit-test";
		};
		B2EEF015288962F600BFBA7F /* ViewControlerFromStoryBoardUITests */ = {
			isa = PBXNativeTarget;
			buildConfigurationList = B2EEF026288962F600BFBA7F /* Build configuration list for PBXNativeTarget "ViewControlerFromStoryBoardUITests" */;
			buildPhases = (
				B2EEF012288962F600BFBA7F /* Sources */,
				B2EEF013288962F600BFBA7F /* Frameworks */,
				B2EEF014288962F600BFBA7F /* Resources */,
			);
			buildRules = (
			);
			dependencies = (
				B2EEF018288962F600BFBA7F /* PBXTargetDependency */,
			);
			name = ViewControlerFromStoryBoardUITests;
			productName = ViewControlerFromStoryBoardUITests;
			productReference = B2EEF016288962F600BFBA7F /* ViewControlerFromStoryBoardUITests.xctest */;
			productType = "com.apple.product-type.bundle.ui-testing";
		};
/* End PBXNativeTarget section */

/* Begin PBXProject section */
		B2EEEFEE288962F300BFBA7F /* Project object */ = {
			isa = PBXProject;
			attributes = {
				BuildIndependentTargetsInParallel = 1;
				LastSwiftUpdateCheck = 1330;
				LastUpgradeCheck = 1330;
				TargetAttributes = {
					B2EEEFF5288962F300BFBA7F = {
						CreatedOnToolsVersion = 13.3.1;
					};
					B2EEF00B288962F600BFBA7F = {
						CreatedOnToolsVersion = 13.3.1;
						TestTargetID = B2EEEFF5288962F300BFBA7F;
					};
					B2EEF015288962F600BFBA7F = {
						CreatedOnToolsVersion = 13.3.1;
						TestTargetID = B2EEEFF5288962F300BFBA7F;
					};
				};
			};
			buildConfigurationList = B2EEEFF1288962F300BFBA7F /* Build configuration list for PBXProject "ViewControlerFromStoryBoard" */;
			compatibilityVersion = "Xcode 13.0";
			developmentRegion = en;
			hasScannedForEncodings = 0;
			knownRegions = (
				en,
				Base,
			);
			mainGroup = B2EEEFED288962F300BFBA7F;
			productRefGroup = B2EEEFF7288962F300BFBA7F /* Products */;
			projectDirPath = "";
			projectRoot = "";
			targets = (
				B2EEEFF5288962F300BFBA7F /* ViewControlerFromStoryBoard */,
				B2EEF00B288962F600BFBA7F /* ViewControlerFromStoryBoardTests */,
				B2EEF015288962F600BFBA7F /* ViewControlerFromStoryBoardUITests */,
			);
		};
/* End PBXProject section */

/* Begin PBXResourcesBuildPhase section */
		B2EEEFF4288962F300BFBA7F /* Resources */ = {
			isa = PBXResourcesBuildPhase;
			buildActionMask = 2147483647;
			files = (
				B2EEF006288962F500BFBA7F /* LaunchScreen.storyboard in Resources */,
				B2EEF003288962F500BFBA7F /* Assets.xcassets in Resources */,
				B2EEF001288962F300BFBA7F /* Main.storyboard in Resources */,
			);
			runOnlyForDeploymentPostprocessing = 0;
		};
		B2EEF00A288962F600BFBA7F /* Resources */ = {
			isa = PBXResourcesBuildPhase;
			buildActionMask = 2147483647;
			files = (
			);
			runOnlyForDeploymentPostprocessing = 0;
		};
		B2EEF014288962F600BFBA7F /* Resources */ = {
			isa = PBXResourcesBuildPhase;
			buildActionMask = 2147483647;
			files = (
			);
			runOnlyForDeploymentPostprocessing = 0;
		};
/* End PBXResourcesBuildPhase section */

/* Begin PBXSourcesBuildPhase section */
		B2EEEFF2288962F300BFBA7F /* Sources */ = {
			isa = PBXSourcesBuildPhase;
			buildActionMask = 2147483647;
			files = (
				B2EEF02A288963DB00BFBA7F /* SecondViewController.swift in Sources */,
				B2EEEFFE288962F300BFBA7F /* ViewController.swift in Sources */,
				B2EEEFFA288962F300BFBA7F /* AppDelegate.swift in Sources */,
				B2EEEFFC288962F300BFBA7F /* SceneDelegate.swift in Sources */,
			);
			runOnlyForDeploymentPostprocessing = 0;
		};
		B2EEF008288962F600BFBA7F /* Sources */ = {
			isa = PBXSourcesBuildPhase;
			buildActionMask = 2147483647;
			files = (
				B2EEF011288962F600BFBA7F /* ViewControlerFromStoryBoardTests.swift in Sources */,
			);
			runOnlyForDeploymentPostprocessing = 0;
		};
		B2EEF012288962F600BFBA7F /* Sources */ = {
			isa = PBXSourcesBuildPhase;
			buildActionMask = 2147483647;
			files = (
				B2EEF01B288962F600BFBA7F /* ViewControlerFromStoryBoardUITests.swift in Sources */,
				B2EEF01D288962F600BFBA7F /* ViewControlerFromStoryBoardUITestsLaunchTests.swift in Sources */,
			);
			runOnlyForDeploymentPostprocessing = 0;
		};
/* End PBXSourcesBuildPhase section */

/* Begin PBXTargetDependency section */
		B2EEF00E288962F600BFBA7F /* PBXTargetDependency */ = {
			isa = PBXTargetDependency;
			target = B2EEEFF5288962F300BFBA7F /* ViewControlerFromStoryBoard */;
			targetProxy = B2EEF00D288962F600BFBA7F /* PBXContainerItemProxy */;
		};
		B2EEF018288962F600BFBA7F /* PBXTargetDependency */ = {
			isa = PBXTargetDependency;
			target = B2EEEFF5288962F300BFBA7F /* ViewControlerFromStoryBoard */;
			targetProxy = B2EEF017288962F600BFBA7F /* PBXContainerItemProxy */;
		};
/* End PBXTargetDependency section */

/* Begin PBXVariantGroup section */
		B2EEEFFF288962F300BFBA7F /* Main.storyboard */ = {
			isa = PBXVariantGroup;
			children = (
				B2EEF000288962F300BFBA7F /* Base */,
			);
			name = Main.storyboard;
			sourceTree = "<group>";
		};
		B2EEF004288962F500BFBA7F /* LaunchScreen.storyboard */ = {
			isa = PBXVariantGroup;
			children = (
				B2EEF005288962F500BFBA7F /* Base */,
			);
			name = LaunchScreen.storyboard;
			sourceTree = "<group>";
		};
/* End PBXVariantGroup section */

/* Begin XCBuildConfiguration section */
		B2EEF01E288962F600BFBA7F /* Debug */ = {
			isa = XCBuildConfiguration;
			buildSettings = {
				ALWAYS_SEARCH_USER_PATHS = NO;
				CLANG_ANALYZER_NONNULL = YES;
				CLANG_ANALYZER_NUMBER_OBJECT_CONVERSION = YES_AGGRESSIVE;
				CLANG_CXX_LANGUAGE_STANDARD = "gnu++17";
				CLANG_ENABLE_MODULES = YES;
				CLANG_ENABLE_OBJC_ARC = YES;
				CLANG_ENABLE_OBJC_WEAK = YES;
				CLANG_WARN_BLOCK_CAPTURE_AUTORELEASING = YES;
				CLANG_WARN_BOOL_CONVERSION = YES;
				CLANG_WARN_COMMA = YES;
				CLANG_WARN_CONSTANT_CONVERSION = YES;
				CLANG_WARN_DEPRECATED_OBJC_IMPLEMENTATIONS = YES;
				CLANG_WARN_DIRECT_OBJC_ISA_USAGE = YES_ERROR;
				CLANG_WARN_DOCUMENTATION_COMMENTS = YES;
				CLANG_WARN_EMPTY_BODY = YES;
				CLANG_WARN_ENUM_CONVERSION = YES;
				CLANG_WARN_INFINITE_RECURSION = YES;
				CLANG_WARN_INT_CONVERSION = YES;
				CLANG_WARN_NON_LITERAL_NULL_CONVERSION = YES;
				CLANG_WARN_OBJC_IMPLICIT_RETAIN_SELF = YES;
				CLANG_WARN_OBJC_LITERAL_CONVERSION = YES;
				CLANG_WARN_OBJC_ROOT_CLASS = YES_ERROR;
				CLANG_WARN_QUOTED_INCLUDE_IN_FRAMEWORK_HEADER = YES;
				CLANG_WARN_RANGE_LOOP_ANALYSIS = YES;
				CLANG_WARN_STRICT_PROTOTYPES = YES;
				CLANG_WARN_SUSPICIOUS_MOVE = YES;
				CLANG_WARN_UNGUARDED_AVAILABILITY = YES_AGGRESSIVE;
				CLANG_WARN_UNREACHABLE_CODE = YES;
				CLANG_WARN__DUPLICATE_METHOD_MATCH = YES;
				COPY_PHASE_STRIP = NO;
				DEBUG_INFORMATION_FORMAT = dwarf;
				ENABLE_STRICT_OBJC_MSGSEND = YES;
				ENABLE_TESTABILITY = YES;
				GCC_C_LANGUAGE_STANDARD = gnu11;
				GCC_DYNAMIC_NO_PIC = NO;
				GCC_NO_COMMON_BLOCKS = YES;
				GCC_OPTIMIZATION_LEVEL = 0;
				GCC_PREPROCESSOR_DEFINITIONS = (
					"DEBUG=1",
					"$(inherited)",
				);
				GCC_WARN_64_TO_32_BIT_CONVERSION = YES;
				GCC_WARN_ABOUT_RETURN_TYPE = YES_ERROR;
				GCC_WARN_UNDECLARED_SELECTOR = YES;
				GCC_WARN_UNINITIALIZED_AUTOS = YES_AGGRESSIVE;
				GCC_WARN_UNUSED_FUNCTION = YES;
				GCC_WARN_UNUSED_VARIABLE = YES;
				IPHONEOS_DEPLOYMENT_TARGET = 15.4;
				MTL_ENABLE_DEBUG_INFO = INCLUDE_SOURCE;
				MTL_FAST_MATH = YES;
				ONLY_ACTIVE_ARCH = YES;
				SDKROOT = iphoneos;
				SWIFT_ACTIVE_COMPILATION_CONDITIONS = DEBUG;
				SWIFT_OPTIMIZATION_LEVEL = "-Onone";
			};
			name = Debug;
		};
		B2EEF01F288962F600BFBA7F /* Release */ = {
			isa = XCBuildConfiguration;
			buildSettings = {
				ALWAYS_SEARCH_USER_PATHS = NO;
				CLANG_ANALYZER_NONNULL = YES;
				CLANG_ANALYZER_NUMBER_OBJECT_CONVERSION = YES_AGGRESSIVE;
				CLANG_CXX_LANGUAGE_STANDARD = "gnu++17";
				CLANG_ENABLE_MODULES = YES;
				CLANG_ENABLE_OBJC_ARC = YES;
				CLANG_ENABLE_OBJC_WEAK = YES;
				CLANG_WARN_BLOCK_CAPTURE_AUTORELEASING = YES;
				CLANG_WARN_BOOL_CONVERSION = YES;
				CLANG_WARN_COMMA = YES;
				CLANG_WARN_CONSTANT_CONVERSION = YES;
				CLANG_WARN_DEPRECATED_OBJC_IMPLEMENTATIONS = YES;
				CLANG_WARN_DIRECT_OBJC_ISA_USAGE = YES_ERROR;
				CLANG_WARN_DOCUMENTATION_COMMENTS = YES;
				CLANG_WARN_EMPTY_BODY = YES;
				CLANG_WARN_ENUM_CONVERSION = YES;
				CLANG_WARN_INFINITE_RECURSION = YES;
				CLANG_WARN_INT_CONVERSION = YES;
				CLANG_WARN_NON_LITERAL_NULL_CONVERSION = YES;
				CLANG_WARN_OBJC_IMPLICIT_RETAIN_SELF = YES;
				CLANG_WARN_OBJC_LITERAL_CONVERSION = YES;
				CLANG_WARN_OBJC_ROOT_CLASS = YES_ERROR;
				CLANG_WARN_QUOTED_INCLUDE_IN_FRAMEWORK_HEADER = YES;
				CLANG_WARN_RANGE_LOOP_ANALYSIS = YES;
				CLANG_WARN_STRICT_PROTOTYPES = YES;
				CLANG_WARN_SUSPICIOUS_MOVE = YES;
				CLANG_WARN_UNGUARDED_AVAILABILITY = YES_AGGRESSIVE;
				CLANG_WARN_UNREACHABLE_CODE = YES;
				CLANG_WARN__DUPLICATE_METHOD_MATCH = YES;
				COPY_PHASE_STRIP = NO;
				DEBUG_INFORMATION_FORMAT = "dwarf-with-dsym";
				ENABLE_NS_ASSERTIONS = NO;
				ENABLE_STRICT_OBJC_MSGSEND = YES;
				GCC_C_LANGUAGE_STANDARD = gnu11;
				GCC_NO_COMMON_BLOCKS = YES;
				GCC_WARN_64_TO_32_BIT_CONVERSION = YES;
				GCC_WARN_ABOUT_RETURN_TYPE = YES_ERROR;
				GCC_WARN_UNDECLARED_SELECTOR = YES;
				GCC_WARN_UNINITIALIZED_AUTOS = YES_AGGRESSIVE;
				GCC_WARN_UNUSED_FUNCTION = YES;
				GCC_WARN_UNUSED_VARIABLE = YES;
				IPHONEOS_DEPLOYMENT_TARGET = 15.4;
				MTL_ENABLE_DEBUG_INFO = NO;
				MTL_FAST_MATH = YES;
				SDKROOT = iphoneos;
				SWIFT_COMPILATION_MODE = wholemodule;
				SWIFT_OPTIMIZATION_LEVEL = "-O";
				VALIDATE_PRODUCT = YES;
			};
			name = Release;
		};
		B2EEF021288962F600BFBA7F /* Debug */ = {
			isa = XCBuildConfiguration;
			buildSettings = {
				ASSETCATALOG_COMPILER_APPICON_NAME = AppIcon;
				ASSETCATALOG_COMPILER_GLOBAL_ACCENT_COLOR_NAME = AccentColor;
				CODE_SIGN_STYLE = Automatic;
				CURRENT_PROJECT_VERSION = 1;
				GENERATE_INFOPLIST_FILE = YES;
				INFOPLIST_FILE = ViewControlerFromStoryBoard/Info.plist;
				INFOPLIST_KEY_UIApplicationSupportsIndirectInputEvents = YES;
				INFOPLIST_KEY_UILaunchStoryboardName = LaunchScreen;
				INFOPLIST_KEY_UIMainStoryboardFile = Main;
				INFOPLIST_KEY_UISupportedInterfaceOrientations_iPad = "UIInterfaceOrientationPortrait UIInterfaceOrientationPortraitUpsideDown UIInterfaceOrientationLandscapeLeft UIInterfaceOrientationLandscapeRight";
				INFOPLIST_KEY_UISupportedInterfaceOrientations_iPhone = "UIInterfaceOrientationPortrait UIInterfaceOrientationLandscapeLeft UIInterfaceOrientationLandscapeRight";
				LD_RUNPATH_SEARCH_PATHS = (
					"$(inherited)",
					"@executable_path/Frameworks",
				);
				MARKETING_VERSION = 1.0;
				PRODUCT_BUNDLE_IDENTIFIER = invozone.ViewControlerFromStoryBoard;
				PRODUCT_NAME = "$(TARGET_NAME)";
				SWIFT_EMIT_LOC_STRINGS = YES;
				SWIFT_VERSION = 5.0;
				TARGETED_DEVICE_FAMILY = "1,2";
			};
			name = Debug;
		};
		B2EEF022288962F600BFBA7F /* Release */ = {
			isa = XCBuildConfiguration;
			buildSettings = {
				ASSETCATALOG_COMPILER_APPICON_NAME = AppIcon;
				ASSETCATALOG_COMPILER_GLOBAL_ACCENT_COLOR_NAME = AccentColor;
				CODE_SIGN_STYLE = Automatic;
				CURRENT_PROJECT_VERSION = 1;
				GENERATE_INFOPLIST_FILE = YES;
				INFOPLIST_FILE = ViewControlerFromStoryBoard/Info.plist;
				INFOPLIST_KEY_UIApplicationSupportsIndirectInputEvents = YES;
				INFOPLIST_KEY_UILaunchStoryboardName = LaunchScreen;
				INFOPLIST_KEY_UIMainStoryboardFile = Main;
				INFOPLIST_KEY_UISupportedInterfaceOrientations_iPad = "UIInterfaceOrientationPortrait UIInterfaceOrientationPortraitUpsideDown UIInterfaceOrientationLandscapeLeft UIInterfaceOrientationLandscapeRight";
				INFOPLIST_KEY_UISupportedInterfaceOrientations_iPhone = "UIInterfaceOrientationPortrait UIInterfaceOrientationLandscapeLeft UIInterfaceOrientationLandscapeRight";
				LD_RUNPATH_SEARCH_PATHS = (
					"$(inherited)",
					"@executable_path/Frameworks",
				);
				MARKETING_VERSION = 1.0;
				PRODUCT_BUNDLE_IDENTIFIER = invozone.ViewControlerFromStoryBoard;
				PRODUCT_NAME = "$(TARGET_NAME)";
				SWIFT_EMIT_LOC_STRINGS = YES;
				SWIFT_VERSION = 5.0;
				TARGETED_DEVICE_FAMILY = "1,2";
			};
			name = Release;
		};
		B2EEF024288962F600BFBA7F /* Debug */ = {
			isa = XCBuildConfiguration;
			buildSettings = {
				ALWAYS_EMBED_SWIFT_STANDARD_LIBRARIES = YES;
				BUNDLE_LOADER = "$(TEST_HOST)";
				CODE_SIGN_STYLE = Automatic;
				CURRENT_PROJECT_VERSION = 1;
				GENERATE_INFOPLIST_FILE = YES;
				IPHONEOS_DEPLOYMENT_TARGET = 15.4;
				MARKETING_VERSION = 1.0;
				PRODUCT_BUNDLE_IDENTIFIER = invozone.ViewControlerFromStoryBoardTests;
				PRODUCT_NAME = "$(TARGET_NAME)";
				SWIFT_EMIT_LOC_STRINGS = NO;
				SWIFT_VERSION = 5.0;
				TARGETED_DEVICE_FAMILY = "1,2";
				TEST_HOST = "$(BUILT_PRODUCTS_DIR)/ViewControlerFromStoryBoard.app/ViewControlerFromStoryBoard";
			};
			name = Debug;
		};
		B2EEF025288962F600BFBA7F /* Release */ = {
			isa = XCBuildConfiguration;
			buildSettings = {
				ALWAYS_EMBED_SWIFT_STANDARD_LIBRARIES = YES;
				BUNDLE_LOADER = "$(TEST_HOST)";
				CODE_SIGN_STYLE = Automatic;
				CURRENT_PROJECT_VERSION = 1;
				GENERATE_INFOPLIST_FILE = YES;
				IPHONEOS_DEPLOYMENT_TARGET = 15.4;
				MARKETING_VERSION = 1.0;
				PRODUCT_BUNDLE_IDENTIFIER = invozone.ViewControlerFromStoryBoardTests;
				PRODUCT_NAME = "$(TARGET_NAME)";
				SWIFT_EMIT_LOC_STRINGS = NO;
				SWIFT_VERSION = 5.0;
				TARGETED_DEVICE_FAMILY = "1,2";
				TEST_HOST = "$(BUILT_PRODUCTS_DIR)/ViewControlerFromStoryBoard.app/ViewControlerFromStoryBoard";
			};
			name = Release;
		};
		B2EEF027288962F600BFBA7F /* Debug */ = {
			isa = XCBuildConfiguration;
			buildSettings = {
				ALWAYS_EMBED_SWIFT_STANDARD_LIBRARIES = YES;
				CODE_SIGN_STYLE = Automatic;
				CURRENT_PROJECT_VERSION = 1;
				GENERATE_INFOPLIST_FILE = YES;
				MARKETING_VERSION = 1.0;
				PRODUCT_BUNDLE_IDENTIFIER = invozone.ViewControlerFromStoryBoardUITests;
				PRODUCT_NAME = "$(TARGET_NAME)";
				SWIFT_EMIT_LOC_STRINGS = NO;
				SWIFT_VERSION = 5.0;
				TARGETED_DEVICE_FAMILY = "1,2";
				TEST_TARGET_NAME = ViewControlerFromStoryBoard;
			};
			name = Debug;
		};
		B2EEF028288962F600BFBA7F /* Release */ = {
			isa = XCBuildConfiguration;
			buildSettings = {
				ALWAYS_EMBED_SWIFT_STANDARD_LIBRARIES = YES;
				CODE_SIGN_STYLE = Automatic;
				CURRENT_PROJECT_VERSION = 1;
				GENERATE_INFOPLIST_FILE = YES;
				MARKETING_VERSION = 1.0;
				PRODUCT_BUNDLE_IDENTIFIER = invozone.ViewControlerFromStoryBoardUITests;
				PRODUCT_NAME = "$(TARGET_NAME)";
				SWIFT_EMIT_LOC_STRINGS = NO;
				SWIFT_VERSION = 5.0;
				TARGETED_DEVICE_FAMILY = "1,2";
				TEST_TARGET_NAME = ViewControlerFromStoryBoard;
			};
			name = Release;
		};
/* End XCBuildConfiguration section */

/* Begin XCConfigurationList section */
		B2EEEFF1288962F300BFBA7F /* Build configuration list for PBXProject "ViewControlerFromStoryBoard" */ = {
			isa = XCConfigurationList;
			buildConfigurations = (
				B2EEF01E288962F600BFBA7F /* Debug */,
				B2EEF01F288962F600BFBA7F /* Release */,
			);
			defaultConfigurationIsVisible = 0;
			defaultConfigurationName = Release;
		};
		B2EEF020288962F600BFBA7F /* Build configuration list for PBXNativeTarget "ViewControlerFromStoryBoard" */ = {
			isa = XCConfigurationList;
			buildConfigurations = (
				B2EEF021288962F600BFBA7F /* Debug */,
				B2EEF022288962F600BFBA7F /* Release */,
			);
			defaultConfigurationIsVisible = 0;
			defaultConfigurationName = Release;
		};
		B2EEF023288962F600BFBA7F /* Build configuration list for PBXNativeTarget "ViewControlerFromStoryBoardTests" */ = {
			isa = XCConfigurationList;
			buildConfigurations = (
				B2EEF024288962F600BFBA7F /* Debug */,
				B2EEF025288962F600BFBA7F /* Release */,
			);
			defaultConfigurationIsVisible = 0;
			defaultConfigurationName = Release;
		};
		B2EEF026288962F600BFBA7F /* Build configuration list for PBXNativeTarget "ViewControlerFromStoryBoardUITests" */ = {
			isa = XCConfigurationList;
			buildConfigurations = (
				B2EEF027288962F600BFBA7F /* Debug */,
				B2EEF028288962F600BFBA7F /* Release */,
			);
			defaultConfigurationIsVisible = 0;
			defaultConfigurationName = Release;
		};
/* End XCConfigurationList section */
	};
	rootObject = B2EEEFEE288962F300BFBA7F /* Project object */;
}
