// !$*UTF8*$!
{
	archiveVersion = 1;
	classes = {
	};
	objectVersion = 55;
	objects = {

/* Begin PBXBuildFile section */
		B2EEEFBE2889531900BFBA7F /* AppDelegate.swift in Sources */ = {isa = PBXBuildFile; fileRef = B2EEEFBD2889531900BFBA7F /* AppDelegate.swift */; };
		B2EEEFC02889531900BFBA7F /* SceneDelegate.swift in Sources */ = {isa = PBXBuildFile; fileRef = B2EEEFBF2889531900BFBA7F /* SceneDelegate.swift */; };
		B2EEEFC22889531900BFBA7F /* ViewController.swift in Sources */ = {isa = PBXBuildFile; fileRef = B2EEEFC12889531900BFBA7F /* ViewController.swift */; };
		B2EEEFC52889531900BFBA7F /* Main.storyboard in Resources */ = {isa = PBXBuildFile; fileRef = B2EEEFC32889531900BFBA7F /* Main.storyboard */; };
		B2EEEFC72889531B00BFBA7F /* Assets.xcassets in Resources */ = {isa = PBXBuildFile; fileRef = B2EEEFC62889531B00BFBA7F /* Assets.xcassets */; };
		B2EEEFCA2889531B00BFBA7F /* LaunchScreen.storyboard in Resources */ = {isa = PBXBuildFile; fileRef = B2EEEFC82889531B00BFBA7F /* LaunchScreen.storyboard */; };
		B2EEEFD52889531B00BFBA7F /* AutoLayoutTests.swift in Sources */ = {isa = PBXBuildFile; fileRef = B2EEEFD42889531B00BFBA7F /* AutoLayoutTests.swift */; };
		B2EEEFDF2889531B00BFBA7F /* AutoLayoutUITests.swift in Sources */ = {isa = PBXBuildFile; fileRef = B2EEEFDE2889531B00BFBA7F /* AutoLayoutUITests.swift */; };
		B2EEEFE12889531B00BFBA7F /* AutoLayoutUITestsLaunchTests.swift in Sources */ = {isa = PBXBuildFile; fileRef = B2EEEFE02889531B00BFBA7F /* AutoLayoutUITestsLaunchTests.swift */; };
/* End PBXBuildFile section */

/* Begin PBXContainerItemProxy section */
		B2EEEFD12889531B00BFBA7F /* PBXContainerItemProxy */ = {
			isa = PBXContainerItemProxy;
			containerPortal = B2EEEFB22889531900BFBA7F /* Project object */;
			proxyType = 1;
			remoteGlobalIDString = B2EEEFB92889531900BFBA7F;
			remoteInfo = AutoLayout;
		};
		B2EEEFDB2889531B00BFBA7F /* PBXContainerItemProxy */ = {
			isa = PBXContainerItemProxy;
			containerPortal = B2EEEFB22889531900BFBA7F /* Project object */;
			proxyType = 1;
			remoteGlobalIDString = B2EEEFB92889531900BFBA7F;
			remoteInfo = AutoLayout;
		};
/* End PBXContainerItemProxy section */

/* Begin PBXFileReference section */
		B2EEEFBA2889531900BFBA7F /* AutoLayout.app */ = {isa = PBXFileReference; explicitFileType = wrapper.application; includeInIndex = 0; path = AutoLayout.app; sourceTree = BUILT_PRODUCTS_DIR; };
		B2EEEFBD2889531900BFBA7F /* AppDelegate.swift */ = {isa = PBXFileReference; lastKnownFileType = sourcecode.swift; path = AppDelegate.swift; sourceTree = "<group>"; };
		B2EEEFBF2889531900BFBA7F /* SceneDelegate.swift */ = {isa = PBXFileReference; lastKnownFileType = sourcecode.swift; path = SceneDelegate.swift; sourceTree = "<group>"; };
		B2EEEFC12889531900BFBA7F /* ViewController.swift */ = {isa = PBXFileReference; lastKnownFileType = sourcecode.swift; path = ViewController.swift; sourceTree = "<group>"; };
		B2EEEFC42889531900BFBA7F /* Base */ = {isa = PBXFileReference; lastKnownFileType = file.storyboard; name = Base; path = Base.lproj/Main.storyboard; sourceTree = "<group>"; };
		B2EEEFC62889531B00BFBA7F /* Assets.xcassets */ = {isa = PBXFileReference; lastKnownFileType = folder.assetcatalog; path = Assets.xcassets; sourceTree = "<group>"; };
		B2EEEFC92889531B00BFBA7F /* Base */ = {isa = PBXFileReference; lastKnownFileType = file.storyboard; name = Base; path = Base.lproj/LaunchScreen.storyboard; sourceTree = "<group>"; };
		B2EEEFCB2889531B00BFBA7F /* Info.plist */ = {isa = PBXFileReference; lastKnownFileType = text.plist.xml; path = Info.plist; sourceTree = "<group>"; };
		B2EEEFD02889531B00BFBA7F /* AutoLayoutTests.xctest */ = {isa = PBXFileReference; explicitFileType = wrapper.cfbundle; includeInIndex = 0; path = AutoLayoutTests.xctest; sourceTree = BUILT_PRODUCTS_DIR; };
		B2EEEFD42889531B00BFBA7F /* AutoLayoutTests.swift */ = {isa = PBXFileReference; lastKnownFileType = sourcecode.swift; path = AutoLayoutTests.swift; sourceTree = "<group>"; };
		B2EEEFDA2889531B00BFBA7F /* AutoLayoutUITests.xctest */ = {isa = PBXFileReference; explicitFileType = wrapper.cfbundle; includeInIndex = 0; path = AutoLayoutUITests.xctest; sourceTree = BUILT_PRODUCTS_DIR; };
		B2EEEFDE2889531B00BFBA7F /* AutoLayoutUITests.swift */ = {isa = PBXFileReference; lastKnownFileType = sourcecode.swift; path = AutoLayoutUITests.swift; sourceTree = "<group>"; };
		B2EEEFE02889531B00BFBA7F /* AutoLayoutUITestsLaunchTests.swift */ = {isa = PBXFileReference; lastKnownFileType = sourcecode.swift; path = AutoLayoutUITestsLaunchTests.swift; sourceTree = "<group>"; };
/* End PBXFileReference section */

/* Begin PBXFrameworksBuildPhase section */
		B2EEEFB72889531900BFBA7F /* Frameworks */ = {
			isa = PBXFrameworksBuildPhase;
			buildActionMask = 2147483647;
			files = (
			);
			runOnlyForDeploymentPostprocessing = 0;
		};
		B2EEEFCD2889531B00BFBA7F /* Frameworks */ = {
			isa = PBXFrameworksBuildPhase;
			buildActionMask = 2147483647;
			files = (
			);
			runOnlyForDeploymentPostprocessing = 0;
		};
		B2EEEFD72889531B00BFBA7F /* Frameworks */ = {
			isa = PBXFrameworksBuildPhase;
			buildActionMask = 2147483647;
			files = (
			);
			runOnlyForDeploymentPostprocessing = 0;
		};
/* End PBXFrameworksBuildPhase section */

/* Begin PBXGroup section */
		B2EEEFB12889531900BFBA7F = {
			isa = PBXGroup;
			children = (
				B2EEEFBC2889531900BFBA7F /* AutoLayout */,
				B2EEEFD32889531B00BFBA7F /* AutoLayoutTests */,
				B2EEEFDD2889531B00BFBA7F /* AutoLayoutUITests */,
				B2EEEFBB2889531900BFBA7F /* Products */,
			);
			sourceTree = "<group>";
		};
		B2EEEFBB2889531900BFBA7F /* Products */ = {
			isa = PBXGroup;
			children = (
				B2EEEFBA2889531900BFBA7F /* AutoLayout.app */,
				B2EEEFD02889531B00BFBA7F /* AutoLayoutTests.xctest */,
				B2EEEFDA2889531B00BFBA7F /* AutoLayoutUITests.xctest */,
			);
			name = Products;
			sourceTree = "<group>";
		};
		B2EEEFBC2889531900BFBA7F /* AutoLayout */ = {
			isa = PBXGroup;
			children = (
				B2EEEFBD2889531900BFBA7F /* AppDelegate.swift */,
				B2EEEFBF2889531900BFBA7F /* SceneDelegate.swift */,
				B2EEEFC12889531900BFBA7F /* ViewController.swift */,
				B2EEEFC32889531900BFBA7F /* Main.storyboard */,
				B2EEEFC62889531B00BFBA7F /* Assets.xcassets */,
				B2EEEFC82889531B00BFBA7F /* LaunchScreen.storyboard */,
				B2EEEFCB2889531B00BFBA7F /* Info.plist */,
			);
			path = AutoLayout;
			sourceTree = "<group>";
		};
		B2EEEFD32889531B00BFBA7F /* AutoLayoutTests */ = {
			isa = PBXGroup;
			children = (
				B2EEEFD42889531B00BFBA7F /* AutoLayoutTests.swift */,
			);
			path = AutoLayoutTests;
			sourceTree = "<group>";
		};
		B2EEEFDD2889531B00BFBA7F /* AutoLayoutUITests */ = {
			isa = PBXGroup;
			children = (
				B2EEEFDE2889531B00BFBA7F /* AutoLayoutUITests.swift */,
				B2EEEFE02889531B00BFBA7F /* AutoLayoutUITestsLaunchTests.swift */,
			);
			path = AutoLayoutUITests;
			sourceTree = "<group>";
		};
/* End PBXGroup section */

/* Begin PBXNativeTarget section */
		B2EEEFB92889531900BFBA7F /* AutoLayout */ = {
			isa = PBXNativeTarget;
			buildConfigurationList = B2EEEFE42889531B00BFBA7F /* Build configuration list for PBXNativeTarget "AutoLayout" */;
			buildPhases = (
				B2EEEFB62889531900BFBA7F /* Sources */,
				B2EEEFB72889531900BFBA7F /* Frameworks */,
				B2EEEFB82889531900BFBA7F /* Resources */,
			);
			buildRules = (
			);
			dependencies = (
			);
			name = AutoLayout;
			productName = AutoLayout;
			productReference = B2EEEFBA2889531900BFBA7F /* AutoLayout.app */;
			productType = "com.apple.product-type.application";
		};
		B2EEEFCF2889531B00BFBA7F /* AutoLayoutTests */ = {
			isa = PBXNativeTarget;
			buildConfigurationList = B2EEEFE72889531B00BFBA7F /* Build configuration list for PBXNativeTarget "AutoLayoutTests" */;
			buildPhases = (
				B2EEEFCC2889531B00BFBA7F /* Sources */,
				B2EEEFCD2889531B00BFBA7F /* Frameworks */,
				B2EEEFCE2889531B00BFBA7F /* Resources */,
			);
			buildRules = (
			);
			dependencies = (
				B2EEEFD22889531B00BFBA7F /* PBXTargetDependency */,
			);
			name = AutoLayoutTests;
			productName = AutoLayoutTests;
			productReference = B2EEEFD02889531B00BFBA7F /* AutoLayoutTests.xctest */;
			productType = "com.apple.product-type.bundle.unit-test";
		};
		B2EEEFD92889531B00BFBA7F /* AutoLayoutUITests */ = {
			isa = PBXNativeTarget;
			buildConfigurationList = B2EEEFEA2889531B00BFBA7F /* Build configuration list for PBXNativeTarget "AutoLayoutUITests" */;
			buildPhases = (
				B2EEEFD62889531B00BFBA7F /* Sources */,
				B2EEEFD72889531B00BFBA7F /* Frameworks */,
				B2EEEFD82889531B00BFBA7F /* Resources */,
			);
			buildRules = (
			);
			dependencies = (
				B2EEEFDC2889531B00BFBA7F /* PBXTargetDependency */,
			);
			name = AutoLayoutUITests;
			productName = AutoLayoutUITests;
			productReference = B2EEEFDA2889531B00BFBA7F /* AutoLayoutUITests.xctest */;
			productType = "com.apple.product-type.bundle.ui-testing";
		};
/* End PBXNativeTarget section */

/* Begin PBXProject section */
		B2EEEFB22889531900BFBA7F /* Project object */ = {
			isa = PBXProject;
			attributes = {
				BuildIndependentTargetsInParallel = 1;
				LastSwiftUpdateCheck = 1330;
				LastUpgradeCheck = 1330;
				TargetAttributes = {
					B2EEEFB92889531900BFBA7F = {
						CreatedOnToolsVersion = 13.3.1;
					};
					B2EEEFCF2889531B00BFBA7F = {
						CreatedOnToolsVersion = 13.3.1;
						TestTargetID = B2EEEFB92889531900BFBA7F;
					};
					B2EEEFD92889531B00BFBA7F = {
						CreatedOnToolsVersion = 13.3.1;
						TestTargetID = B2EEEFB92889531900BFBA7F;
					};
				};
			};
			buildConfigurationList = B2EEEFB52889531900BFBA7F /* Build configuration list for PBXProject "AutoLayout" */;
			compatibilityVersion = "Xcode 13.0";
			developmentRegion = en;
			hasScannedForEncodings = 0;
			knownRegions = (
				en,
				Base,
			);
			mainGroup = B2EEEFB12889531900BFBA7F;
			productRefGroup = B2EEEFBB2889531900BFBA7F /* Products */;
			projectDirPath = "";
			projectRoot = "";
			targets = (
				B2EEEFB92889531900BFBA7F /* AutoLayout */,
				B2EEEFCF2889531B00BFBA7F /* AutoLayoutTests */,
				B2EEEFD92889531B00BFBA7F /* AutoLayoutUITests */,
			);
		};
/* End PBXProject section */

/* Begin PBXResourcesBuildPhase section */
		B2EEEFB82889531900BFBA7F /* Resources */ = {
			isa = PBXResourcesBuildPhase;
			buildActionMask = 2147483647;
			files = (
				B2EEEFCA2889531B00BFBA7F /* LaunchScreen.storyboard in Resources */,
				B2EEEFC72889531B00BFBA7F /* Assets.xcassets in Resources */,
				B2EEEFC52889531900BFBA7F /* Main.storyboard in Resources */,
			);
			runOnlyForDeploymentPostprocessing = 0;
		};
		B2EEEFCE2889531B00BFBA7F /* Resources */ = {
			isa = PBXResourcesBuildPhase;
			buildActionMask = 2147483647;
			files = (
			);
			runOnlyForDeploymentPostprocessing = 0;
		};
		B2EEEFD82889531B00BFBA7F /* Resources */ = {
			isa = PBXResourcesBuildPhase;
			buildActionMask = 2147483647;
			files = (
			);
			runOnlyForDeploymentPostprocessing = 0;
		};
/* End PBXResourcesBuildPhase section */

/* Begin PBXSourcesBuildPhase section */
		B2EEEFB62889531900BFBA7F /* Sources */ = {
			isa = PBXSourcesBuildPhase;
			buildActionMask = 2147483647;
			files = (
				B2EEEFC22889531900BFBA7F /* ViewController.swift in Sources */,
				B2EEEFBE2889531900BFBA7F /* AppDelegate.swift in Sources */,
				B2EEEFC02889531900BFBA7F /* SceneDelegate.swift in Sources */,
			);
			runOnlyForDeploymentPostprocessing = 0;
		};
		B2EEEFCC2889531B00BFBA7F /* Sources */ = {
			isa = PBXSourcesBuildPhase;
			buildActionMask = 2147483647;
			files = (
				B2EEEFD52889531B00BFBA7F /* AutoLayoutTests.swift in Sources */,
			);
			runOnlyForDeploymentPostprocessing = 0;
		};
		B2EEEFD62889531B00BFBA7F /* Sources */ = {
			isa = PBXSourcesBuildPhase;
			buildActionMask = 2147483647;
			files = (
				B2EEEFDF2889531B00BFBA7F /* AutoLayoutUITests.swift in Sources */,
				B2EEEFE12889531B00BFBA7F /* AutoLayoutUITestsLaunchTests.swift in Sources */,
			);
			runOnlyForDeploymentPostprocessing = 0;
		};
/* End PBXSourcesBuildPhase section */

/* Begin PBXTargetDependency section */
		B2EEEFD22889531B00BFBA7F /* PBXTargetDependency */ = {
			isa = PBXTargetDependency;
			target = B2EEEFB92889531900BFBA7F /* AutoLayout */;
			targetProxy = B2EEEFD12889531B00BFBA7F /* PBXContainerItemProxy */;
		};
		B2EEEFDC2889531B00BFBA7F /* PBXTargetDependency */ = {
			isa = PBXTargetDependency;
			target = B2EEEFB92889531900BFBA7F /* AutoLayout */;
			targetProxy = B2EEEFDB2889531B00BFBA7F /* PBXContainerItemProxy */;
		};
/* End PBXTargetDependency section */

/* Begin PBXVariantGroup section */
		B2EEEFC32889531900BFBA7F /* Main.storyboard */ = {
			isa = PBXVariantGroup;
			children = (
				B2EEEFC42889531900BFBA7F /* Base */,
			);
			name = Main.storyboard;
			sourceTree = "<group>";
		};
		B2EEEFC82889531B00BFBA7F /* LaunchScreen.storyboard */ = {
			isa = PBXVariantGroup;
			children = (
				B2EEEFC92889531B00BFBA7F /* Base */,
			);
			name = LaunchScreen.storyboard;
			sourceTree = "<group>";
		};
/* End PBXVariantGroup section */

/* Begin XCBuildConfiguration section */
		B2EEEFE22889531B00BFBA7F /* Debug */ = {
			isa = XCBuildConfiguration;
			buildSettings = {
				ALWAYS_SEARCH_USER_PATHS = NO;
				CLANG_ANALYZER_NONNULL = YES;
				CLANG_ANALYZER_NUMBER_OBJECT_CONVERSION = YES_AGGRESSIVE;
				CLANG_CXX_LANGUAGE_STANDARD = "gnu++17";
				CLANG_ENABLE_MODULES = YES;
				CLANG_ENABLE_OBJC_ARC = YES;
				CLANG_ENABLE_OBJC_WEAK = YES;
				CLANG_WARN_BLOCK_CAPTURE_AUTORELEASING = YES;
				CLANG_WARN_BOOL_CONVERSION = YES;
				CLANG_WARN_COMMA = YES;
				CLANG_WARN_CONSTANT_CONVERSION = YES;
				CLANG_WARN_DEPRECATED_OBJC_IMPLEMENTATIONS = YES;
				CLANG_WARN_DIRECT_OBJC_ISA_USAGE = YES_ERROR;
				CLANG_WARN_DOCUMENTATION_COMMENTS = YES;
				CLANG_WARN_EMPTY_BODY = YES;
				CLANG_WARN_ENUM_CONVERSION = YES;
				CLANG_WARN_INFINITE_RECURSION = YES;
				CLANG_WARN_INT_CONVERSION = YES;
				CLANG_WARN_NON_LITERAL_NULL_CONVERSION = YES;
				CLANG_WARN_OBJC_IMPLICIT_RETAIN_SELF = YES;
				CLANG_WARN_OBJC_LITERAL_CONVERSION = YES;
				CLANG_WARN_OBJC_ROOT_CLASS = YES_ERROR;
				CLANG_WARN_QUOTED_INCLUDE_IN_FRAMEWORK_HEADER = YES;
				CLANG_WARN_RANGE_LOOP_ANALYSIS = YES;
				CLANG_WARN_STRICT_PROTOTYPES = YES;
				CLANG_WARN_SUSPICIOUS_MOVE = YES;
				CLANG_WARN_UNGUARDED_AVAILABILITY = YES_AGGRESSIVE;
				CLANG_WARN_UNREACHABLE_CODE = YES;
				CLANG_WARN__DUPLICATE_METHOD_MATCH = YES;
				COPY_PHASE_STRIP = NO;
				DEBUG_INFORMATION_FORMAT = dwarf;
				ENABLE_STRICT_OBJC_MSGSEND = YES;
				ENABLE_TESTABILITY = YES;
				GCC_C_LANGUAGE_STANDARD = gnu11;
				GCC_DYNAMIC_NO_PIC = NO;
				GCC_NO_COMMON_BLOCKS = YES;
				GCC_OPTIMIZATION_LEVEL = 0;
				GCC_PREPROCESSOR_DEFINITIONS = (
					"DEBUG=1",
					"$(inherited)",
				);
				GCC_WARN_64_TO_32_BIT_CONVERSION = YES;
				GCC_WARN_ABOUT_RETURN_TYPE = YES_ERROR;
				GCC_WARN_UNDECLARED_SELECTOR = YES;
				GCC_WARN_UNINITIALIZED_AUTOS = YES_AGGRESSIVE;
				GCC_WARN_UNUSED_FUNCTION = YES;
				GCC_WARN_UNUSED_VARIABLE = YES;
				IPHONEOS_DEPLOYMENT_TARGET = 15.4;
				MTL_ENABLE_DEBUG_INFO = INCLUDE_SOURCE;
				MTL_FAST_MATH = YES;
				ONLY_ACTIVE_ARCH = YES;
				SDKROOT = iphoneos;
				SWIFT_ACTIVE_COMPILATION_CONDITIONS = DEBUG;
				SWIFT_OPTIMIZATION_LEVEL = "-Onone";
			};
			name = Debug;
		};
		B2EEEFE32889531B00BFBA7F /* Release */ = {
			isa = XCBuildConfiguration;
			buildSettings = {
				ALWAYS_SEARCH_USER_PATHS = NO;
				CLANG_ANALYZER_NONNULL = YES;
				CLANG_ANALYZER_NUMBER_OBJECT_CONVERSION = YES_AGGRESSIVE;
				CLANG_CXX_LANGUAGE_STANDARD = "gnu++17";
				CLANG_ENABLE_MODULES = YES;
				CLANG_ENABLE_OBJC_ARC = YES;
				CLANG_ENABLE_OBJC_WEAK = YES;
				CLANG_WARN_BLOCK_CAPTURE_AUTORELEASING = YES;
				CLANG_WARN_BOOL_CONVERSION = YES;
				CLANG_WARN_COMMA = YES;
				CLANG_WARN_CONSTANT_CONVERSION = YES;
				CLANG_WARN_DEPRECATED_OBJC_IMPLEMENTATIONS = YES;
				CLANG_WARN_DIRECT_OBJC_ISA_USAGE = YES_ERROR;
				CLANG_WARN_DOCUMENTATION_COMMENTS = YES;
				CLANG_WARN_EMPTY_BODY = YES;
				CLANG_WARN_ENUM_CONVERSION = YES;
				CLANG_WARN_INFINITE_RECURSION = YES;
				CLANG_WARN_INT_CONVERSION = YES;
				CLANG_WARN_NON_LITERAL_NULL_CONVERSION = YES;
				CLANG_WARN_OBJC_IMPLICIT_RETAIN_SELF = YES;
				CLANG_WARN_OBJC_LITERAL_CONVERSION = YES;
				CLANG_WARN_OBJC_ROOT_CLASS = YES_ERROR;
				CLANG_WARN_QUOTED_INCLUDE_IN_FRAMEWORK_HEADER = YES;
				CLANG_WARN_RANGE_LOOP_ANALYSIS = YES;
				CLANG_WARN_STRICT_PROTOTYPES = YES;
				CLANG_WARN_SUSPICIOUS_MOVE = YES;
				CLANG_WARN_UNGUARDED_AVAILABILITY = YES_AGGRESSIVE;
				CLANG_WARN_UNREACHABLE_CODE = YES;
				CLANG_WARN__DUPLICATE_METHOD_MATCH = YES;
				COPY_PHASE_STRIP = NO;
				DEBUG_INFORMATION_FORMAT = "dwarf-with-dsym";
				ENABLE_NS_ASSERTIONS = NO;
				ENABLE_STRICT_OBJC_MSGSEND = YES;
				GCC_C_LANGUAGE_STANDARD = gnu11;
				GCC_NO_COMMON_BLOCKS = YES;
				GCC_WARN_64_TO_32_BIT_CONVERSION = YES;
				GCC_WARN_ABOUT_RETURN_TYPE = YES_ERROR;
				GCC_WARN_UNDECLARED_SELECTOR = YES;
				GCC_WARN_UNINITIALIZED_AUTOS = YES_AGGRESSIVE;
				GCC_WARN_UNUSED_FUNCTION = YES;
				GCC_WARN_UNUSED_VARIABLE = YES;
				IPHONEOS_DEPLOYMENT_TARGET = 15.4;
				MTL_ENABLE_DEBUG_INFO = NO;
				MTL_FAST_MATH = YES;
				SDKROOT = iphoneos;
				SWIFT_COMPILATION_MODE = wholemodule;
				SWIFT_OPTIMIZATION_LEVEL = "-O";
				VALIDATE_PRODUCT = YES;
			};
			name = Release;
		};
		B2EEEFE52889531B00BFBA7F /* Debug */ = {
			isa = XCBuildConfiguration;
			buildSettings = {
				ASSETCATALOG_COMPILER_APPICON_NAME = AppIcon;
				ASSETCATALOG_COMPILER_GLOBAL_ACCENT_COLOR_NAME = AccentColor;
				CODE_SIGN_STYLE = Automatic;
				CURRENT_PROJECT_VERSION = 1;
				GENERATE_INFOPLIST_FILE = YES;
				INFOPLIST_FILE = AutoLayout/Info.plist;
				INFOPLIST_KEY_UIApplicationSupportsIndirectInputEvents = YES;
				INFOPLIST_KEY_UILaunchStoryboardName = LaunchScreen;
				INFOPLIST_KEY_UIMainStoryboardFile = Main;
				INFOPLIST_KEY_UISupportedInterfaceOrientations_iPad = "UIInterfaceOrientationPortrait UIInterfaceOrientationPortraitUpsideDown UIInterfaceOrientationLandscapeLeft UIInterfaceOrientationLandscapeRight";
				INFOPLIST_KEY_UISupportedInterfaceOrientations_iPhone = "UIInterfaceOrientationPortrait UIInterfaceOrientationLandscapeLeft UIInterfaceOrientationLandscapeRight";
				LD_RUNPATH_SEARCH_PATHS = (
					"$(inherited)",
					"@executable_path/Frameworks",
				);
				MARKETING_VERSION = 1.0;
				PRODUCT_BUNDLE_IDENTIFIER = invozone.AutoLayout;
				PRODUCT_NAME = "$(TARGET_NAME)";
				SWIFT_EMIT_LOC_STRINGS = YES;
				SWIFT_VERSION = 5.0;
				TARGETED_DEVICE_FAMILY = "1,2";
			};
			name = Debug;
		};
		B2EEEFE62889531B00BFBA7F /* Release */ = {
			isa = XCBuildConfiguration;
			buildSettings = {
				ASSETCATALOG_COMPILER_APPICON_NAME = AppIcon;
				ASSETCATALOG_COMPILER_GLOBAL_ACCENT_COLOR_NAME = AccentColor;
				CODE_SIGN_STYLE = Automatic;
				CURRENT_PROJECT_VERSION = 1;
				GENERATE_INFOPLIST_FILE = YES;
				INFOPLIST_FILE = AutoLayout/Info.plist;
				INFOPLIST_KEY_UIApplicationSupportsIndirectInputEvents = YES;
				INFOPLIST_KEY_UILaunchStoryboardName = LaunchScreen;
				INFOPLIST_KEY_UIMainStoryboardFile = Main;
				INFOPLIST_KEY_UISupportedInterfaceOrientations_iPad = "UIInterfaceOrientationPortrait UIInterfaceOrientationPortraitUpsideDown UIInterfaceOrientationLandscapeLeft UIInterfaceOrientationLandscapeRight";
				INFOPLIST_KEY_UISupportedInterfaceOrientations_iPhone = "UIInterfaceOrientationPortrait UIInterfaceOrientationLandscapeLeft UIInterfaceOrientationLandscapeRight";
				LD_RUNPATH_SEARCH_PATHS = (
					"$(inherited)",
					"@executable_path/Frameworks",
				);
				MARKETING_VERSION = 1.0;
				PRODUCT_BUNDLE_IDENTIFIER = invozone.AutoLayout;
				PRODUCT_NAME = "$(TARGET_NAME)";
				SWIFT_EMIT_LOC_STRINGS = YES;
				SWIFT_VERSION = 5.0;
				TARGETED_DEVICE_FAMILY = "1,2";
			};
			name = Release;
		};
		B2EEEFE82889531B00BFBA7F /* Debug */ = {
			isa = XCBuildConfiguration;
			buildSettings = {
				ALWAYS_EMBED_SWIFT_STANDARD_LIBRARIES = YES;
				BUNDLE_LOADER = "$(TEST_HOST)";
				CODE_SIGN_STYLE = Automatic;
				CURRENT_PROJECT_VERSION = 1;
				GENERATE_INFOPLIST_FILE = YES;
				IPHONEOS_DEPLOYMENT_TARGET = 15.4;
				MARKETING_VERSION = 1.0;
				PRODUCT_BUNDLE_IDENTIFIER = invozone.AutoLayoutTests;
				PRODUCT_NAME = "$(TARGET_NAME)";
				SWIFT_EMIT_LOC_STRINGS = NO;
				SWIFT_VERSION = 5.0;
				TARGETED_DEVICE_FAMILY = "1,2";
				TEST_HOST = "$(BUILT_PRODUCTS_DIR)/AutoLayout.app/AutoLayout";
			};
			name = Debug;
		};
		B2EEEFE92889531B00BFBA7F /* Release */ = {
			isa = XCBuildConfiguration;
			buildSettings = {
				ALWAYS_EMBED_SWIFT_STANDARD_LIBRARIES = YES;
				BUNDLE_LOADER = "$(TEST_HOST)";
				CODE_SIGN_STYLE = Automatic;
				CURRENT_PROJECT_VERSION = 1;
				GENERATE_INFOPLIST_FILE = YES;
				IPHONEOS_DEPLOYMENT_TARGET = 15.4;
				MARKETING_VERSION = 1.0;
				PRODUCT_BUNDLE_IDENTIFIER = invozone.AutoLayoutTests;
				PRODUCT_NAME = "$(TARGET_NAME)";
				SWIFT_EMIT_LOC_STRINGS = NO;
				SWIFT_VERSION = 5.0;
				TARGETED_DEVICE_FAMILY = "1,2";
				TEST_HOST = "$(BUILT_PRODUCTS_DIR)/AutoLayout.app/AutoLayout";
			};
			name = Release;
		};
		B2EEEFEB2889531B00BFBA7F /* Debug */ = {
			isa = XCBuildConfiguration;
			buildSettings = {
				ALWAYS_EMBED_SWIFT_STANDARD_LIBRARIES = YES;
				CODE_SIGN_STYLE = Automatic;
				CURRENT_PROJECT_VERSION = 1;
				GENERATE_INFOPLIST_FILE = YES;
				MARKETING_VERSION = 1.0;
				PRODUCT_BUNDLE_IDENTIFIER = invozone.AutoLayoutUITests;
				PRODUCT_NAME = "$(TARGET_NAME)";
				SWIFT_EMIT_LOC_STRINGS = NO;
				SWIFT_VERSION = 5.0;
				TARGETED_DEVICE_FAMILY = "1,2";
				TEST_TARGET_NAME = AutoLayout;
			};
			name = Debug;
		};
		B2EEEFEC2889531B00BFBA7F /* Release */ = {
			isa = XCBuildConfiguration;
			buildSettings = {
				ALWAYS_EMBED_SWIFT_STANDARD_LIBRARIES = YES;
				CODE_SIGN_STYLE = Automatic;
				CURRENT_PROJECT_VERSION = 1;
				GENERATE_INFOPLIST_FILE = YES;
				MARKETING_VERSION = 1.0;
				PRODUCT_BUNDLE_IDENTIFIER = invozone.AutoLayoutUITests;
				PRODUCT_NAME = "$(TARGET_NAME)";
				SWIFT_EMIT_LOC_STRINGS = NO;
				SWIFT_VERSION = 5.0;
				TARGETED_DEVICE_FAMILY = "1,2";
				TEST_TARGET_NAME = AutoLayout;
			};
			name = Release;
		};
/* End XCBuildConfiguration section */

/* Begin XCConfigurationList section */
		B2EEEFB52889531900BFBA7F /* Build configuration list for PBXProject "AutoLayout" */ = {
			isa = XCConfigurationList;
			buildConfigurations = (
				B2EEEFE22889531B00BFBA7F /* Debug */,
				B2EEEFE32889531B00BFBA7F /* Release */,
			);
			defaultConfigurationIsVisible = 0;
			defaultConfigurationName = Release;
		};
		B2EEEFE42889531B00BFBA7F /* Build configuration list for PBXNativeTarget "AutoLayout" */ = {
			isa = XCConfigurationList;
			buildConfigurations = (
				B2EEEFE52889531B00BFBA7F /* Debug */,
				B2EEEFE62889531B00BFBA7F /* Release */,
			);
			defaultConfigurationIsVisible = 0;
			defaultConfigurationName = Release;
		};
		B2EEEFE72889531B00BFBA7F /* Build configuration list for PBXNativeTarget "AutoLayoutTests" */ = {
			isa = XCConfigurationList;
			buildConfigurations = (
				B2EEEFE82889531B00BFBA7F /* Debug */,
				B2EEEFE92889531B00BFBA7F /* Release */,
			);
			defaultConfigurationIsVisible = 0;
			defaultConfigurationName = Release;
		};
		B2EEEFEA2889531B00BFBA7F /* Build configuration list for PBXNativeTarget "AutoLayoutUITests" */ = {
			isa = XCConfigurationList;
			buildConfigurations = (
				B2EEEFEB2889531B00BFBA7F /* Debug */,
				B2EEEFEC2889531B00BFBA7F /* Release */,
			);
			defaultConfigurationIsVisible = 0;
			defaultConfigurationName = Release;
		};
/* End XCConfigurationList section */
	};
	rootObject = B2EEEFB22889531900BFBA7F /* Project object */;
}
