// !$*UTF8*$!
{
	archiveVersion = 1;
	classes = {
	};
	objectVersion = 55;
	objects = {

/* Begin PBXBuildFile section */
		B2A2E76E289289D100011062 /* AppDelegate.swift in Sources */ = {isa = PBXBuildFile; fileRef = B2A2E76D289289D100011062 /* AppDelegate.swift */; };
		B2A2E770289289D100011062 /* SceneDelegate.swift in Sources */ = {isa = PBXBuildFile; fileRef = B2A2E76F289289D100011062 /* SceneDelegate.swift */; };
		B2A2E772289289D100011062 /* ViewController.swift in Sources */ = {isa = PBXBuildFile; fileRef = B2A2E771289289D100011062 /* ViewController.swift */; };
		B2A2E775289289D100011062 /* Main.storyboard in Resources */ = {isa = PBXBuildFile; fileRef = B2A2E773289289D100011062 /* Main.storyboard */; };
		B2A2E777289289D600011062 /* Assets.xcassets in Resources */ = {isa = PBXBuildFile; fileRef = B2A2E776289289D600011062 /* Assets.xcassets */; };
		B2A2E77A289289D600011062 /* LaunchScreen.storyboard in Resources */ = {isa = PBXBuildFile; fileRef = B2A2E778289289D600011062 /* LaunchScreen.storyboard */; };
		B2A2E785289289D600011062 /* BakeyLoginTests.swift in Sources */ = {isa = PBXBuildFile; fileRef = B2A2E784289289D600011062 /* BakeyLoginTests.swift */; };
		B2A2E78F289289D600011062 /* BakeyLoginUITests.swift in Sources */ = {isa = PBXBuildFile; fileRef = B2A2E78E289289D600011062 /* BakeyLoginUITests.swift */; };
		B2A2E791289289D600011062 /* BakeyLoginUITestsLaunchTests.swift in Sources */ = {isa = PBXBuildFile; fileRef = B2A2E790289289D600011062 /* BakeyLoginUITestsLaunchTests.swift */; };
/* End PBXBuildFile section */

/* Begin PBXContainerItemProxy section */
		B2A2E781289289D600011062 /* PBXContainerItemProxy */ = {
			isa = PBXContainerItemProxy;
			containerPortal = B2A2E762289289D100011062 /* Project object */;
			proxyType = 1;
			remoteGlobalIDString = B2A2E769289289D100011062;
			remoteInfo = BakeyLogin;
		};
		B2A2E78B289289D600011062 /* PBXContainerItemProxy */ = {
			isa = PBXContainerItemProxy;
			containerPortal = B2A2E762289289D100011062 /* Project object */;
			proxyType = 1;
			remoteGlobalIDString = B2A2E769289289D100011062;
			remoteInfo = BakeyLogin;
		};
/* End PBXContainerItemProxy section */

/* Begin PBXFileReference section */
		B2A2E76A289289D100011062 /* BakeyLogin.app */ = {isa = PBXFileReference; explicitFileType = wrapper.application; includeInIndex = 0; path = BakeyLogin.app; sourceTree = BUILT_PRODUCTS_DIR; };
		B2A2E76D289289D100011062 /* AppDelegate.swift */ = {isa = PBXFileReference; lastKnownFileType = sourcecode.swift; path = AppDelegate.swift; sourceTree = "<group>"; };
		B2A2E76F289289D100011062 /* SceneDelegate.swift */ = {isa = PBXFileReference; lastKnownFileType = sourcecode.swift; path = SceneDelegate.swift; sourceTree = "<group>"; };
		B2A2E771289289D100011062 /* ViewController.swift */ = {isa = PBXFileReference; lastKnownFileType = sourcecode.swift; path = ViewController.swift; sourceTree = "<group>"; };
		B2A2E774289289D100011062 /* Base */ = {isa = PBXFileReference; lastKnownFileType = file.storyboard; name = Base; path = Base.lproj/Main.storyboard; sourceTree = "<group>"; };
		B2A2E776289289D600011062 /* Assets.xcassets */ = {isa = PBXFileReference; lastKnownFileType = folder.assetcatalog; path = Assets.xcassets; sourceTree = "<group>"; };
		B2A2E779289289D600011062 /* Base */ = {isa = PBXFileReference; lastKnownFileType = file.storyboard; name = Base; path = Base.lproj/LaunchScreen.storyboard; sourceTree = "<group>"; };
		B2A2E77B289289D600011062 /* Info.plist */ = {isa = PBXFileReference; lastKnownFileType = text.plist.xml; path = Info.plist; sourceTree = "<group>"; };
		B2A2E780289289D600011062 /* BakeyLoginTests.xctest */ = {isa = PBXFileReference; explicitFileType = wrapper.cfbundle; includeInIndex = 0; path = BakeyLoginTests.xctest; sourceTree = BUILT_PRODUCTS_DIR; };
		B2A2E784289289D600011062 /* BakeyLoginTests.swift */ = {isa = PBXFileReference; lastKnownFileType = sourcecode.swift; path = BakeyLoginTests.swift; sourceTree = "<group>"; };
		B2A2E78A289289D600011062 /* BakeyLoginUITests.xctest */ = {isa = PBXFileReference; explicitFileType = wrapper.cfbundle; includeInIndex = 0; path = BakeyLoginUITests.xctest; sourceTree = BUILT_PRODUCTS_DIR; };
		B2A2E78E289289D600011062 /* BakeyLoginUITests.swift */ = {isa = PBXFileReference; lastKnownFileType = sourcecode.swift; path = BakeyLoginUITests.swift; sourceTree = "<group>"; };
		B2A2E790289289D600011062 /* BakeyLoginUITestsLaunchTests.swift */ = {isa = PBXFileReference; lastKnownFileType = sourcecode.swift; path = BakeyLoginUITestsLaunchTests.swift; sourceTree = "<group>"; };
/* End PBXFileReference section */

/* Begin PBXFrameworksBuildPhase section */
		B2A2E767289289D100011062 /* Frameworks */ = {
			isa = PBXFrameworksBuildPhase;
			buildActionMask = 2147483647;
			files = (
			);
			runOnlyForDeploymentPostprocessing = 0;
		};
		B2A2E77D289289D600011062 /* Frameworks */ = {
			isa = PBXFrameworksBuildPhase;
			buildActionMask = 2147483647;
			files = (
			);
			runOnlyForDeploymentPostprocessing = 0;
		};
		B2A2E787289289D600011062 /* Frameworks */ = {
			isa = PBXFrameworksBuildPhase;
			buildActionMask = 2147483647;
			files = (
			);
			runOnlyForDeploymentPostprocessing = 0;
		};
/* End PBXFrameworksBuildPhase section */

/* Begin PBXGroup section */
		B2A2E761289289D100011062 = {
			isa = PBXGroup;
			children = (
				B2A2E76C289289D100011062 /* BakeyLogin */,
				B2A2E783289289D600011062 /* BakeyLoginTests */,
				B2A2E78D289289D600011062 /* BakeyLoginUITests */,
				B2A2E76B289289D100011062 /* Products */,
			);
			sourceTree = "<group>";
		};
		B2A2E76B289289D100011062 /* Products */ = {
			isa = PBXGroup;
			children = (
				B2A2E76A289289D100011062 /* BakeyLogin.app */,
				B2A2E780289289D600011062 /* BakeyLoginTests.xctest */,
				B2A2E78A289289D600011062 /* BakeyLoginUITests.xctest */,
			);
			name = Products;
			sourceTree = "<group>";
		};
		B2A2E76C289289D100011062 /* BakeyLogin */ = {
			isa = PBXGroup;
			children = (
				B2A2E76D289289D100011062 /* AppDelegate.swift */,
				B2A2E76F289289D100011062 /* SceneDelegate.swift */,
				B2A2E771289289D100011062 /* ViewController.swift */,
				B2A2E773289289D100011062 /* Main.storyboard */,
				B2A2E776289289D600011062 /* Assets.xcassets */,
				B2A2E778289289D600011062 /* LaunchScreen.storyboard */,
				B2A2E77B289289D600011062 /* Info.plist */,
			);
			path = BakeyLogin;
			sourceTree = "<group>";
		};
		B2A2E783289289D600011062 /* BakeyLoginTests */ = {
			isa = PBXGroup;
			children = (
				B2A2E784289289D600011062 /* BakeyLoginTests.swift */,
			);
			path = BakeyLoginTests;
			sourceTree = "<group>";
		};
		B2A2E78D289289D600011062 /* BakeyLoginUITests */ = {
			isa = PBXGroup;
			children = (
				B2A2E78E289289D600011062 /* BakeyLoginUITests.swift */,
				B2A2E790289289D600011062 /* BakeyLoginUITestsLaunchTests.swift */,
			);
			path = BakeyLoginUITests;
			sourceTree = "<group>";
		};
/* End PBXGroup section */

/* Begin PBXNativeTarget section */
		B2A2E769289289D100011062 /* BakeyLogin */ = {
			isa = PBXNativeTarget;
			buildConfigurationList = B2A2E794289289D600011062 /* Build configuration list for PBXNativeTarget "BakeyLogin" */;
			buildPhases = (
				B2A2E766289289D100011062 /* Sources */,
				B2A2E767289289D100011062 /* Frameworks */,
				B2A2E768289289D100011062 /* Resources */,
			);
			buildRules = (
			);
			dependencies = (
			);
			name = BakeyLogin;
			productName = BakeyLogin;
			productReference = B2A2E76A289289D100011062 /* BakeyLogin.app */;
			productType = "com.apple.product-type.application";
		};
		B2A2E77F289289D600011062 /* BakeyLoginTests */ = {
			isa = PBXNativeTarget;
			buildConfigurationList = B2A2E797289289D600011062 /* Build configuration list for PBXNativeTarget "BakeyLoginTests" */;
			buildPhases = (
				B2A2E77C289289D600011062 /* Sources */,
				B2A2E77D289289D600011062 /* Frameworks */,
				B2A2E77E289289D600011062 /* Resources */,
			);
			buildRules = (
			);
			dependencies = (
				B2A2E782289289D600011062 /* PBXTargetDependency */,
			);
			name = BakeyLoginTests;
			productName = BakeyLoginTests;
			productReference = B2A2E780289289D600011062 /* BakeyLoginTests.xctest */;
			productType = "com.apple.product-type.bundle.unit-test";
		};
		B2A2E789289289D600011062 /* BakeyLoginUITests */ = {
			isa = PBXNativeTarget;
			buildConfigurationList = B2A2E79A289289D600011062 /* Build configuration list for PBXNativeTarget "BakeyLoginUITests" */;
			buildPhases = (
				B2A2E786289289D600011062 /* Sources */,
				B2A2E787289289D600011062 /* Frameworks */,
				B2A2E788289289D600011062 /* Resources */,
			);
			buildRules = (
			);
			dependencies = (
				B2A2E78C289289D600011062 /* PBXTargetDependency */,
			);
			name = BakeyLoginUITests;
			productName = BakeyLoginUITests;
			productReference = B2A2E78A289289D600011062 /* BakeyLoginUITests.xctest */;
			productType = "com.apple.product-type.bundle.ui-testing";
		};
/* End PBXNativeTarget section */

/* Begin PBXProject section */
		B2A2E762289289D100011062 /* Project object */ = {
			isa = PBXProject;
			attributes = {
				BuildIndependentTargetsInParallel = 1;
				LastSwiftUpdateCheck = 1330;
				LastUpgradeCheck = 1330;
				TargetAttributes = {
					B2A2E769289289D100011062 = {
						CreatedOnToolsVersion = 13.3.1;
					};
					B2A2E77F289289D600011062 = {
						CreatedOnToolsVersion = 13.3.1;
						TestTargetID = B2A2E769289289D100011062;
					};
					B2A2E789289289D600011062 = {
						CreatedOnToolsVersion = 13.3.1;
						TestTargetID = B2A2E769289289D100011062;
					};
				};
			};
			buildConfigurationList = B2A2E765289289D100011062 /* Build configuration list for PBXProject "BakeyLogin" */;
			compatibilityVersion = "Xcode 13.0";
			developmentRegion = en;
			hasScannedForEncodings = 0;
			knownRegions = (
				en,
				Base,
			);
			mainGroup = B2A2E761289289D100011062;
			productRefGroup = B2A2E76B289289D100011062 /* Products */;
			projectDirPath = "";
			projectRoot = "";
			targets = (
				B2A2E769289289D100011062 /* BakeyLogin */,
				B2A2E77F289289D600011062 /* BakeyLoginTests */,
				B2A2E789289289D600011062 /* BakeyLoginUITests */,
			);
		};
/* End PBXProject section */

/* Begin PBXResourcesBuildPhase section */
		B2A2E768289289D100011062 /* Resources */ = {
			isa = PBXResourcesBuildPhase;
			buildActionMask = 2147483647;
			files = (
				B2A2E77A289289D600011062 /* LaunchScreen.storyboard in Resources */,
				B2A2E777289289D600011062 /* Assets.xcassets in Resources */,
				B2A2E775289289D100011062 /* Main.storyboard in Resources */,
			);
			runOnlyForDeploymentPostprocessing = 0;
		};
		B2A2E77E289289D600011062 /* Resources */ = {
			isa = PBXResourcesBuildPhase;
			buildActionMask = 2147483647;
			files = (
			);
			runOnlyForDeploymentPostprocessing = 0;
		};
		B2A2E788289289D600011062 /* Resources */ = {
			isa = PBXResourcesBuildPhase;
			buildActionMask = 2147483647;
			files = (
			);
			runOnlyForDeploymentPostprocessing = 0;
		};
/* End PBXResourcesBuildPhase section */

/* Begin PBXSourcesBuildPhase section */
		B2A2E766289289D100011062 /* Sources */ = {
			isa = PBXSourcesBuildPhase;
			buildActionMask = 2147483647;
			files = (
				B2A2E772289289D100011062 /* ViewController.swift in Sources */,
				B2A2E76E289289D100011062 /* AppDelegate.swift in Sources */,
				B2A2E770289289D100011062 /* SceneDelegate.swift in Sources */,
			);
			runOnlyForDeploymentPostprocessing = 0;
		};
		B2A2E77C289289D600011062 /* Sources */ = {
			isa = PBXSourcesBuildPhase;
			buildActionMask = 2147483647;
			files = (
				B2A2E785289289D600011062 /* BakeyLoginTests.swift in Sources */,
			);
			runOnlyForDeploymentPostprocessing = 0;
		};
		B2A2E786289289D600011062 /* Sources */ = {
			isa = PBXSourcesBuildPhase;
			buildActionMask = 2147483647;
			files = (
				B2A2E78F289289D600011062 /* BakeyLoginUITests.swift in Sources */,
				B2A2E791289289D600011062 /* BakeyLoginUITestsLaunchTests.swift in Sources */,
			);
			runOnlyForDeploymentPostprocessing = 0;
		};
/* End PBXSourcesBuildPhase section */

/* Begin PBXTargetDependency section */
		B2A2E782289289D600011062 /* PBXTargetDependency */ = {
			isa = PBXTargetDependency;
			target = B2A2E769289289D100011062 /* BakeyLogin */;
			targetProxy = B2A2E781289289D600011062 /* PBXContainerItemProxy */;
		};
		B2A2E78C289289D600011062 /* PBXTargetDependency */ = {
			isa = PBXTargetDependency;
			target = B2A2E769289289D100011062 /* BakeyLogin */;
			targetProxy = B2A2E78B289289D600011062 /* PBXContainerItemProxy */;
		};
/* End PBXTargetDependency section */

/* Begin PBXVariantGroup section */
		B2A2E773289289D100011062 /* Main.storyboard */ = {
			isa = PBXVariantGroup;
			children = (
				B2A2E774289289D100011062 /* Base */,
			);
			name = Main.storyboard;
			sourceTree = "<group>";
		};
		B2A2E778289289D600011062 /* LaunchScreen.storyboard */ = {
			isa = PBXVariantGroup;
			children = (
				B2A2E779289289D600011062 /* Base */,
			);
			name = LaunchScreen.storyboard;
			sourceTree = "<group>";
		};
/* End PBXVariantGroup section */

/* Begin XCBuildConfiguration section */
		B2A2E792289289D600011062 /* Debug */ = {
			isa = XCBuildConfiguration;
			buildSettings = {
				ALWAYS_SEARCH_USER_PATHS = NO;
				CLANG_ANALYZER_NONNULL = YES;
				CLANG_ANALYZER_NUMBER_OBJECT_CONVERSION = YES_AGGRESSIVE;
				CLANG_CXX_LANGUAGE_STANDARD = "gnu++17";
				CLANG_ENABLE_MODULES = YES;
				CLANG_ENABLE_OBJC_ARC = YES;
				CLANG_ENABLE_OBJC_WEAK = YES;
				CLANG_WARN_BLOCK_CAPTURE_AUTORELEASING = YES;
				CLANG_WARN_BOOL_CONVERSION = YES;
				CLANG_WARN_COMMA = YES;
				CLANG_WARN_CONSTANT_CONVERSION = YES;
				CLANG_WARN_DEPRECATED_OBJC_IMPLEMENTATIONS = YES;
				CLANG_WARN_DIRECT_OBJC_ISA_USAGE = YES_ERROR;
				CLANG_WARN_DOCUMENTATION_COMMENTS = YES;
				CLANG_WARN_EMPTY_BODY = YES;
				CLANG_WARN_ENUM_CONVERSION = YES;
				CLANG_WARN_INFINITE_RECURSION = YES;
				CLANG_WARN_INT_CONVERSION = YES;
				CLANG_WARN_NON_LITERAL_NULL_CONVERSION = YES;
				CLANG_WARN_OBJC_IMPLICIT_RETAIN_SELF = YES;
				CLANG_WARN_OBJC_LITERAL_CONVERSION = YES;
				CLANG_WARN_OBJC_ROOT_CLASS = YES_ERROR;
				CLANG_WARN_QUOTED_INCLUDE_IN_FRAMEWORK_HEADER = YES;
				CLANG_WARN_RANGE_LOOP_ANALYSIS = YES;
				CLANG_WARN_STRICT_PROTOTYPES = YES;
				CLANG_WARN_SUSPICIOUS_MOVE = YES;
				CLANG_WARN_UNGUARDED_AVAILABILITY = YES_AGGRESSIVE;
				CLANG_WARN_UNREACHABLE_CODE = YES;
				CLANG_WARN__DUPLICATE_METHOD_MATCH = YES;
				COPY_PHASE_STRIP = NO;
				DEBUG_INFORMATION_FORMAT = dwarf;
				ENABLE_STRICT_OBJC_MSGSEND = YES;
				ENABLE_TESTABILITY = YES;
				GCC_C_LANGUAGE_STANDARD = gnu11;
				GCC_DYNAMIC_NO_PIC = NO;
				GCC_NO_COMMON_BLOCKS = YES;
				GCC_OPTIMIZATION_LEVEL = 0;
				GCC_PREPROCESSOR_DEFINITIONS = (
					"DEBUG=1",
					"$(inherited)",
				);
				GCC_WARN_64_TO_32_BIT_CONVERSION = YES;
				GCC_WARN_ABOUT_RETURN_TYPE = YES_ERROR;
				GCC_WARN_UNDECLARED_SELECTOR = YES;
				GCC_WARN_UNINITIALIZED_AUTOS = YES_AGGRESSIVE;
				GCC_WARN_UNUSED_FUNCTION = YES;
				GCC_WARN_UNUSED_VARIABLE = YES;
				IPHONEOS_DEPLOYMENT_TARGET = 15.4;
				MTL_ENABLE_DEBUG_INFO = INCLUDE_SOURCE;
				MTL_FAST_MATH = YES;
				ONLY_ACTIVE_ARCH = YES;
				SDKROOT = iphoneos;
				SWIFT_ACTIVE_COMPILATION_CONDITIONS = DEBUG;
				SWIFT_OPTIMIZATION_LEVEL = "-Onone";
			};
			name = Debug;
		};
		B2A2E793289289D600011062 /* Release */ = {
			isa = XCBuildConfiguration;
			buildSettings = {
				ALWAYS_SEARCH_USER_PATHS = NO;
				CLANG_ANALYZER_NONNULL = YES;
				CLANG_ANALYZER_NUMBER_OBJECT_CONVERSION = YES_AGGRESSIVE;
				CLANG_CXX_LANGUAGE_STANDARD = "gnu++17";
				CLANG_ENABLE_MODULES = YES;
				CLANG_ENABLE_OBJC_ARC = YES;
				CLANG_ENABLE_OBJC_WEAK = YES;
				CLANG_WARN_BLOCK_CAPTURE_AUTORELEASING = YES;
				CLANG_WARN_BOOL_CONVERSION = YES;
				CLANG_WARN_COMMA = YES;
				CLANG_WARN_CONSTANT_CONVERSION = YES;
				CLANG_WARN_DEPRECATED_OBJC_IMPLEMENTATIONS = YES;
				CLANG_WARN_DIRECT_OBJC_ISA_USAGE = YES_ERROR;
				CLANG_WARN_DOCUMENTATION_COMMENTS = YES;
				CLANG_WARN_EMPTY_BODY = YES;
				CLANG_WARN_ENUM_CONVERSION = YES;
				CLANG_WARN_INFINITE_RECURSION = YES;
				CLANG_WARN_INT_CONVERSION = YES;
				CLANG_WARN_NON_LITERAL_NULL_CONVERSION = YES;
				CLANG_WARN_OBJC_IMPLICIT_RETAIN_SELF = YES;
				CLANG_WARN_OBJC_LITERAL_CONVERSION = YES;
				CLANG_WARN_OBJC_ROOT_CLASS = YES_ERROR;
				CLANG_WARN_QUOTED_INCLUDE_IN_FRAMEWORK_HEADER = YES;
				CLANG_WARN_RANGE_LOOP_ANALYSIS = YES;
				CLANG_WARN_STRICT_PROTOTYPES = YES;
				CLANG_WARN_SUSPICIOUS_MOVE = YES;
				CLANG_WARN_UNGUARDED_AVAILABILITY = YES_AGGRESSIVE;
				CLANG_WARN_UNREACHABLE_CODE = YES;
				CLANG_WARN__DUPLICATE_METHOD_MATCH = YES;
				COPY_PHASE_STRIP = NO;
				DEBUG_INFORMATION_FORMAT = "dwarf-with-dsym";
				ENABLE_NS_ASSERTIONS = NO;
				ENABLE_STRICT_OBJC_MSGSEND = YES;
				GCC_C_LANGUAGE_STANDARD = gnu11;
				GCC_NO_COMMON_BLOCKS = YES;
				GCC_WARN_64_TO_32_BIT_CONVERSION = YES;
				GCC_WARN_ABOUT_RETURN_TYPE = YES_ERROR;
				GCC_WARN_UNDECLARED_SELECTOR = YES;
				GCC_WARN_UNINITIALIZED_AUTOS = YES_AGGRESSIVE;
				GCC_WARN_UNUSED_FUNCTION = YES;
				GCC_WARN_UNUSED_VARIABLE = YES;
				IPHONEOS_DEPLOYMENT_TARGET = 15.4;
				MTL_ENABLE_DEBUG_INFO = NO;
				MTL_FAST_MATH = YES;
				SDKROOT = iphoneos;
				SWIFT_COMPILATION_MODE = wholemodule;
				SWIFT_OPTIMIZATION_LEVEL = "-O";
				VALIDATE_PRODUCT = YES;
			};
			name = Release;
		};
		B2A2E795289289D600011062 /* Debug */ = {
			isa = XCBuildConfiguration;
			buildSettings = {
				ASSETCATALOG_COMPILER_APPICON_NAME = AppIcon;
				ASSETCATALOG_COMPILER_GLOBAL_ACCENT_COLOR_NAME = AccentColor;
				CODE_SIGN_STYLE = Automatic;
				CURRENT_PROJECT_VERSION = 1;
				GENERATE_INFOPLIST_FILE = YES;
				INFOPLIST_FILE = BakeyLogin/Info.plist;
				INFOPLIST_KEY_UIApplicationSupportsIndirectInputEvents = YES;
				INFOPLIST_KEY_UILaunchStoryboardName = LaunchScreen;
				INFOPLIST_KEY_UIMainStoryboardFile = Main;
				INFOPLIST_KEY_UISupportedInterfaceOrientations_iPad = "UIInterfaceOrientationPortrait UIInterfaceOrientationPortraitUpsideDown UIInterfaceOrientationLandscapeLeft UIInterfaceOrientationLandscapeRight";
				INFOPLIST_KEY_UISupportedInterfaceOrientations_iPhone = "UIInterfaceOrientationPortrait UIInterfaceOrientationLandscapeLeft UIInterfaceOrientationLandscapeRight";
				LD_RUNPATH_SEARCH_PATHS = (
					"$(inherited)",
					"@executable_path/Frameworks",
				);
				MARKETING_VERSION = 1.0;
				PRODUCT_BUNDLE_IDENTIFIER = invozone.BakeyLogin;
				PRODUCT_NAME = "$(TARGET_NAME)";
				SWIFT_EMIT_LOC_STRINGS = YES;
				SWIFT_VERSION = 5.0;
				TARGETED_DEVICE_FAMILY = "1,2";
			};
			name = Debug;
		};
		B2A2E796289289D600011062 /* Release */ = {
			isa = XCBuildConfiguration;
			buildSettings = {
				ASSETCATALOG_COMPILER_APPICON_NAME = AppIcon;
				ASSETCATALOG_COMPILER_GLOBAL_ACCENT_COLOR_NAME = AccentColor;
				CODE_SIGN_STYLE = Automatic;
				CURRENT_PROJECT_VERSION = 1;
				GENERATE_INFOPLIST_FILE = YES;
				INFOPLIST_FILE = BakeyLogin/Info.plist;
				INFOPLIST_KEY_UIApplicationSupportsIndirectInputEvents = YES;
				INFOPLIST_KEY_UILaunchStoryboardName = LaunchScreen;
				INFOPLIST_KEY_UIMainStoryboardFile = Main;
				INFOPLIST_KEY_UISupportedInterfaceOrientations_iPad = "UIInterfaceOrientationPortrait UIInterfaceOrientationPortraitUpsideDown UIInterfaceOrientationLandscapeLeft UIInterfaceOrientationLandscapeRight";
				INFOPLIST_KEY_UISupportedInterfaceOrientations_iPhone = "UIInterfaceOrientationPortrait UIInterfaceOrientationLandscapeLeft UIInterfaceOrientationLandscapeRight";
				LD_RUNPATH_SEARCH_PATHS = (
					"$(inherited)",
					"@executable_path/Frameworks",
				);
				MARKETING_VERSION = 1.0;
				PRODUCT_BUNDLE_IDENTIFIER = invozone.BakeyLogin;
				PRODUCT_NAME = "$(TARGET_NAME)";
				SWIFT_EMIT_LOC_STRINGS = YES;
				SWIFT_VERSION = 5.0;
				TARGETED_DEVICE_FAMILY = "1,2";
			};
			name = Release;
		};
		B2A2E798289289D600011062 /* Debug */ = {
			isa = XCBuildConfiguration;
			buildSettings = {
				ALWAYS_EMBED_SWIFT_STANDARD_LIBRARIES = YES;
				BUNDLE_LOADER = "$(TEST_HOST)";
				CODE_SIGN_STYLE = Automatic;
				CURRENT_PROJECT_VERSION = 1;
				GENERATE_INFOPLIST_FILE = YES;
				IPHONEOS_DEPLOYMENT_TARGET = 15.4;
				MARKETING_VERSION = 1.0;
				PRODUCT_BUNDLE_IDENTIFIER = invozone.BakeyLoginTests;
				PRODUCT_NAME = "$(TARGET_NAME)";
				SWIFT_EMIT_LOC_STRINGS = NO;
				SWIFT_VERSION = 5.0;
				TARGETED_DEVICE_FAMILY = "1,2";
				TEST_HOST = "$(BUILT_PRODUCTS_DIR)/BakeyLogin.app/BakeyLogin";
			};
			name = Debug;
		};
		B2A2E799289289D600011062 /* Release */ = {
			isa = XCBuildConfiguration;
			buildSettings = {
				ALWAYS_EMBED_SWIFT_STANDARD_LIBRARIES = YES;
				BUNDLE_LOADER = "$(TEST_HOST)";
				CODE_SIGN_STYLE = Automatic;
				CURRENT_PROJECT_VERSION = 1;
				GENERATE_INFOPLIST_FILE = YES;
				IPHONEOS_DEPLOYMENT_TARGET = 15.4;
				MARKETING_VERSION = 1.0;
				PRODUCT_BUNDLE_IDENTIFIER = invozone.BakeyLoginTests;
				PRODUCT_NAME = "$(TARGET_NAME)";
				SWIFT_EMIT_LOC_STRINGS = NO;
				SWIFT_VERSION = 5.0;
				TARGETED_DEVICE_FAMILY = "1,2";
				TEST_HOST = "$(BUILT_PRODUCTS_DIR)/BakeyLogin.app/BakeyLogin";
			};
			name = Release;
		};
		B2A2E79B289289D600011062 /* Debug */ = {
			isa = XCBuildConfiguration;
			buildSettings = {
				ALWAYS_EMBED_SWIFT_STANDARD_LIBRARIES = YES;
				CODE_SIGN_STYLE = Automatic;
				CURRENT_PROJECT_VERSION = 1;
				GENERATE_INFOPLIST_FILE = YES;
				MARKETING_VERSION = 1.0;
				PRODUCT_BUNDLE_IDENTIFIER = invozone.BakeyLoginUITests;
				PRODUCT_NAME = "$(TARGET_NAME)";
				SWIFT_EMIT_LOC_STRINGS = NO;
				SWIFT_VERSION = 5.0;
				TARGETED_DEVICE_FAMILY = "1,2";
				TEST_TARGET_NAME = BakeyLogin;
			};
			name = Debug;
		};
		B2A2E79C289289D600011062 /* Release */ = {
			isa = XCBuildConfiguration;
			buildSettings = {
				ALWAYS_EMBED_SWIFT_STANDARD_LIBRARIES = YES;
				CODE_SIGN_STYLE = Automatic;
				CURRENT_PROJECT_VERSION = 1;
				GENERATE_INFOPLIST_FILE = YES;
				MARKETING_VERSION = 1.0;
				PRODUCT_BUNDLE_IDENTIFIER = invozone.BakeyLoginUITests;
				PRODUCT_NAME = "$(TARGET_NAME)";
				SWIFT_EMIT_LOC_STRINGS = NO;
				SWIFT_VERSION = 5.0;
				TARGETED_DEVICE_FAMILY = "1,2";
				TEST_TARGET_NAME = BakeyLogin;
			};
			name = Release;
		};
/* End XCBuildConfiguration section */

/* Begin XCConfigurationList section */
		B2A2E765289289D100011062 /* Build configuration list for PBXProject "BakeyLogin" */ = {
			isa = XCConfigurationList;
			buildConfigurations = (
				B2A2E792289289D600011062 /* Debug */,
				B2A2E793289289D600011062 /* Release */,
			);
			defaultConfigurationIsVisible = 0;
			defaultConfigurationName = Release;
		};
		B2A2E794289289D600011062 /* Build configuration list for PBXNativeTarget "BakeyLogin" */ = {
			isa = XCConfigurationList;
			buildConfigurations = (
				B2A2E795289289D600011062 /* Debug */,
				B2A2E796289289D600011062 /* Release */,
			);
			defaultConfigurationIsVisible = 0;
			defaultConfigurationName = Release;
		};
		B2A2E797289289D600011062 /* Build configuration list for PBXNativeTarget "BakeyLoginTests" */ = {
			isa = XCConfigurationList;
			buildConfigurations = (
				B2A2E798289289D600011062 /* Debug */,
				B2A2E799289289D600011062 /* Release */,
			);
			defaultConfigurationIsVisible = 0;
			defaultConfigurationName = Release;
		};
		B2A2E79A289289D600011062 /* Build configuration list for PBXNativeTarget "BakeyLoginUITests" */ = {
			isa = XCConfigurationList;
			buildConfigurations = (
				B2A2E79B289289D600011062 /* Debug */,
				B2A2E79C289289D600011062 /* Release */,
			);
			defaultConfigurationIsVisible = 0;
			defaultConfigurationName = Release;
		};
/* End XCConfigurationList section */
	};
	rootObject = B2A2E762289289D100011062 /* Project object */;
}
